// !$*UTF8*$!
{
	archiveVersion = 1;
	classes = {
	};
	objectVersion = 46;
	objects = {

/* Begin PBXBuildFile section */
		8F03C7921E0BFB8E001C7F95 /* alloc.h in Headers */ = {isa = PBXBuildFile; fileRef = 8F03C7791E0BFB8E001C7F95 /* alloc.h */; };
		8F03C7931E0BFB8E001C7F95 /* array.h in Headers */ = {isa = PBXBuildFile; fileRef = 8F03C77A1E0BFB8E001C7F95 /* array.h */; };
		8F03C7941E0BFB8E001C7F95 /* document.c in Sources */ = {isa = PBXBuildFile; fileRef = 8F03C77B1E0BFB8E001C7F95 /* document.c */; };
		8F03C7951E0BFB8E001C7F95 /* document.h in Headers */ = {isa = PBXBuildFile; fileRef = 8F03C77C1E0BFB8E001C7F95 /* document.h */; };
		8F03C7961E0BFB8E001C7F95 /* error_costs.h in Headers */ = {isa = PBXBuildFile; fileRef = 8F03C77D1E0BFB8E001C7F95 /* error_costs.h */; };
		8F03C7971E0BFB8E001C7F95 /* language.c in Sources */ = {isa = PBXBuildFile; fileRef = 8F03C77E1E0BFB8E001C7F95 /* language.c */; };
		8F03C7981E0BFB8E001C7F95 /* language.h in Headers */ = {isa = PBXBuildFile; fileRef = 8F03C77F1E0BFB8E001C7F95 /* language.h */; };
		8F03C7991E0BFB8E001C7F95 /* length.h in Headers */ = {isa = PBXBuildFile; fileRef = 8F03C7801E0BFB8E001C7F95 /* length.h */; };
		8F03C79A1E0BFB8E001C7F95 /* lexer.c in Sources */ = {isa = PBXBuildFile; fileRef = 8F03C7811E0BFB8E001C7F95 /* lexer.c */; };
		8F03C79B1E0BFB8E001C7F95 /* lexer.h in Headers */ = {isa = PBXBuildFile; fileRef = 8F03C7821E0BFB8E001C7F95 /* lexer.h */; };
		8F03C79C1E0BFB8E001C7F95 /* node.c in Sources */ = {isa = PBXBuildFile; fileRef = 8F03C7831E0BFB8E001C7F95 /* node.c */; };
		8F03C79D1E0BFB8E001C7F95 /* node.h in Headers */ = {isa = PBXBuildFile; fileRef = 8F03C7841E0BFB8E001C7F95 /* node.h */; };
		8F03C79E1E0BFB8E001C7F95 /* parser.c in Sources */ = {isa = PBXBuildFile; fileRef = 8F03C7851E0BFB8E001C7F95 /* parser.c */; };
		8F03C79F1E0BFB8E001C7F95 /* parser.h in Headers */ = {isa = PBXBuildFile; fileRef = 8F03C7861E0BFB8E001C7F95 /* parser.h */; };
		8F03C7A01E0BFB8E001C7F95 /* point.h in Headers */ = {isa = PBXBuildFile; fileRef = 8F03C7871E0BFB8E001C7F95 /* point.h */; };
		8F03C7A11E0BFB8E001C7F95 /* reduce_action.h in Headers */ = {isa = PBXBuildFile; fileRef = 8F03C7881E0BFB8E001C7F95 /* reduce_action.h */; };
		8F03C7A21E0BFB8E001C7F95 /* stack.c in Sources */ = {isa = PBXBuildFile; fileRef = 8F03C7891E0BFB8E001C7F95 /* stack.c */; };
		8F03C7A31E0BFB8E001C7F95 /* stack.h in Headers */ = {isa = PBXBuildFile; fileRef = 8F03C78A1E0BFB8E001C7F95 /* stack.h */; };
		8F03C7A41E0BFB8E001C7F95 /* string_input.c in Sources */ = {isa = PBXBuildFile; fileRef = 8F03C78B1E0BFB8E001C7F95 /* string_input.c */; };
		8F03C7A51E0BFB8E001C7F95 /* string_input.h in Headers */ = {isa = PBXBuildFile; fileRef = 8F03C78C1E0BFB8E001C7F95 /* string_input.h */; };
		8F03C7A61E0BFB8E001C7F95 /* tree_path.h in Headers */ = {isa = PBXBuildFile; fileRef = 8F03C78D1E0BFB8E001C7F95 /* tree_path.h */; };
		8F03C7A71E0BFB8E001C7F95 /* tree.c in Sources */ = {isa = PBXBuildFile; fileRef = 8F03C78E1E0BFB8E001C7F95 /* tree.c */; };
		8F03C7A81E0BFB8E001C7F95 /* tree.h in Headers */ = {isa = PBXBuildFile; fileRef = 8F03C78F1E0BFB8E001C7F95 /* tree.h */; };
		8F03C7A91E0BFB8E001C7F95 /* utf16.c in Sources */ = {isa = PBXBuildFile; fileRef = 8F03C7901E0BFB8E001C7F95 /* utf16.c */; };
		8F03C7AA1E0BFB8E001C7F95 /* utf16.h in Headers */ = {isa = PBXBuildFile; fileRef = 8F03C7911E0BFB8E001C7F95 /* utf16.h */; };
		8F2531BF1D2C5BE200AE3EEE /* TextView.swift in Sources */ = {isa = PBXBuildFile; fileRef = 8F2531BE1D2C5BE200AE3EEE /* TextView.swift */; };
		8F29AB1A1CD9682F00BBBEEA /* UIKit.framework in Frameworks */ = {isa = PBXBuildFile; fileRef = 8F29AB191CD9682F00BBBEEA /* UIKit.framework */; };
		8F29EE281CD968A400AE4A59 /* testRuby.txt in Resources */ = {isa = PBXBuildFile; fileRef = 8F29EE271CD968A400AE4A59 /* testRuby.txt */; };
		8F29EE291CD96AAE00AE4A59 /* testRuby.txt in Resources */ = {isa = PBXBuildFile; fileRef = 8F29EE271CD968A400AE4A59 /* testRuby.txt */; };
		8F29EE2B1CD96C2700AE4A59 /* Ruby.swift in Sources */ = {isa = PBXBuildFile; fileRef = 8F29EE2A1CD96C2700AE4A59 /* Ruby.swift */; };
		8F29EE2D1CD96C7F00AE4A59 /* C.swift in Sources */ = {isa = PBXBuildFile; fileRef = 8F29EE2C1CD96C7F00AE4A59 /* C.swift */; };
		8F29EE2F1CD96CB400AE4A59 /* Symbol.swift in Sources */ = {isa = PBXBuildFile; fileRef = 8F29EE2E1CD96CB400AE4A59 /* Symbol.swift */; };
		8F3992541D2D9A3B00D7C8EC /* C++.swift in Sources */ = {isa = PBXBuildFile; fileRef = 8F3992531D2D9A3B00D7C8EC /* C++.swift */; };
		8F9EF3FB1CDB722100F2A5A8 /* Node.swift in Sources */ = {isa = PBXBuildFile; fileRef = 8F9EF3FA1CDB722100F2A5A8 /* Node.swift */; };
		8F9EF3FD1CDB724000F2A5A8 /* Extensions.swift in Sources */ = {isa = PBXBuildFile; fileRef = 8F9EF3FC1CDB724000F2A5A8 /* Extensions.swift */; };
		8F9EF4011CDC0C8300F2A5A8 /* TextStorage.swift in Sources */ = {isa = PBXBuildFile; fileRef = 8F9EF4001CDC0C8300F2A5A8 /* TextStorage.swift */; };
		8F9EF4031CDC0E2000F2A5A8 /* Document.swift in Sources */ = {isa = PBXBuildFile; fileRef = 8F9EF4021CDC0E2000F2A5A8 /* Document.swift */; };
		8F9EF4051CDC184B00F2A5A8 /* Input.swift in Sources */ = {isa = PBXBuildFile; fileRef = 8F9EF4041CDC184B00F2A5A8 /* Input.swift */; };
		8F9EF4071CDC1E0000F2A5A8 /* Language.swift in Sources */ = {isa = PBXBuildFile; fileRef = 8F9EF4061CDC1E0000F2A5A8 /* Language.swift */; };
		8F9FF02B1D7C0DDB002AE8D5 /* c.c in Sources */ = {isa = PBXBuildFile; fileRef = 8F9FF01F1D7C0DDB002AE8D5 /* c.c */; };
		8F9FF02C1D7C0DDB002AE8D5 /* c.swift in Sources */ = {isa = PBXBuildFile; fileRef = 8F9FF0201D7C0DDB002AE8D5 /* c.swift */; };
		8F9FF02D1D7C0DDB002AE8D5 /* cpp.c in Sources */ = {isa = PBXBuildFile; fileRef = 8F9FF0211D7C0DDB002AE8D5 /* cpp.c */; };
		8F9FF02E1D7C0DDB002AE8D5 /* cpp.swift in Sources */ = {isa = PBXBuildFile; fileRef = 8F9FF0221D7C0DDB002AE8D5 /* cpp.swift */; };
		8F9FF02F1D7C0DDB002AE8D5 /* go.c in Sources */ = {isa = PBXBuildFile; fileRef = 8F9FF0231D7C0DDB002AE8D5 /* go.c */; };
		8F9FF0301D7C0DDB002AE8D5 /* go.swift in Sources */ = {isa = PBXBuildFile; fileRef = 8F9FF0241D7C0DDB002AE8D5 /* go.swift */; };
		8F9FF0311D7C0DDB002AE8D5 /* javascript.c in Sources */ = {isa = PBXBuildFile; fileRef = 8F9FF0251D7C0DDB002AE8D5 /* javascript.c */; };
		8F9FF0321D7C0DDB002AE8D5 /* javascript.swift in Sources */ = {isa = PBXBuildFile; fileRef = 8F9FF0261D7C0DDB002AE8D5 /* javascript.swift */; };
		8F9FF0331D7C0DDB002AE8D5 /* json.c in Sources */ = {isa = PBXBuildFile; fileRef = 8F9FF0271D7C0DDB002AE8D5 /* json.c */; };
		8F9FF0341D7C0DDB002AE8D5 /* json.swift in Sources */ = {isa = PBXBuildFile; fileRef = 8F9FF0281D7C0DDB002AE8D5 /* json.swift */; };
		8F9FF0361D7C0DDB002AE8D5 /* ruby.swift in Sources */ = {isa = PBXBuildFile; fileRef = 8F9FF02A1D7C0DDB002AE8D5 /* ruby.swift */; };
		8FA59A681CD80EBD0041E6C4 /* TreeSitter.h in Headers */ = {isa = PBXBuildFile; fileRef = 8FA59A671CD80EBD0041E6C4 /* TreeSitter.h */; settings = {ATTRIBUTES = (Public, ); }; };
		8FA59A6F1CD80EBE0041E6C4 /* TreeSitter.framework in Frameworks */ = {isa = PBXBuildFile; fileRef = 8FA59A641CD80EBD0041E6C4 /* TreeSitter.framework */; };
		8FA59A741CD80EBE0041E6C4 /* TreeSitterTests.swift in Sources */ = {isa = PBXBuildFile; fileRef = 8FA59A731CD80EBE0041E6C4 /* TreeSitterTests.swift */; };
		8FB48EBF1D2E7D1400BC50A1 /* Javascript.swift in Sources */ = {isa = PBXBuildFile; fileRef = 8FB48EBE1D2E7D1400BC50A1 /* Javascript.swift */; };
		8FB48EC11D2E7E8F00BC50A1 /* javascript.txt in Resources */ = {isa = PBXBuildFile; fileRef = 8FB48EC01D2E7E8F00BC50A1 /* javascript.txt */; };
		8FB48EC51D2E884F00BC50A1 /* JSON.swift in Sources */ = {isa = PBXBuildFile; fileRef = 8FB48EC41D2E884F00BC50A1 /* JSON.swift */; };
		8FB48EC71D2E898400BC50A1 /* json.txt in Resources */ = {isa = PBXBuildFile; fileRef = 8FB48EC61D2E898400BC50A1 /* json.txt */; };
		8FB48EC81D2FF36100BC50A1 /* test.json in Resources */ = {isa = PBXBuildFile; fileRef = 8FA5C6BF1CD8F56700BF090B /* test.json */; };
		8FDCBA611CDA10B3009A829F /* LayoutManager.swift in Sources */ = {isa = PBXBuildFile; fileRef = 8FDCBA601CDA10B3009A829F /* LayoutManager.swift */; };
		8FE5A3C51DD01FD600833B64 /* TextStorageHelper.swift in Sources */ = {isa = PBXBuildFile; fileRef = 8FE5A3C41DD01FD600833B64 /* TextStorageHelper.swift */; };
		8FFA48C01CD93C7500018FA6 /* test.txt in Resources */ = {isa = PBXBuildFile; fileRef = 8FFA48BE1CD93C5900018FA6 /* test.txt */; };
		8FFA48C11CD93D2700018FA6 /* test.swift in Resources */ = {isa = PBXBuildFile; fileRef = 8F8119591CD935AD006A9980 /* test.swift */; };
		8FFA48C51CD94CCE00018FA6 /* JLTokenType.swift in Sources */ = {isa = PBXBuildFile; fileRef = 8FFA48C31CD94CCE00018FA6 /* JLTokenType.swift */; };
		8FFA48C61CD94CCE00018FA6 /* JLColorTheme.swift in Sources */ = {isa = PBXBuildFile; fileRef = 8FFA48C41CD94CCE00018FA6 /* JLColorTheme.swift */; };
		8FFA48CE1CD94EE400018FA6 /* AppDelegate.swift in Sources */ = {isa = PBXBuildFile; fileRef = 8FFA48CD1CD94EE400018FA6 /* AppDelegate.swift */; };
		8FFA48D71CD94EE400018FA6 /* Main.storyboard in Resources */ = {isa = PBXBuildFile; fileRef = 8FFA48D51CD94EE400018FA6 /* Main.storyboard */; };
		8FFA48D91CD94EE400018FA6 /* Assets.xcassets in Resources */ = {isa = PBXBuildFile; fileRef = 8FFA48D81CD94EE400018FA6 /* Assets.xcassets */; };
		8FFA48DC1CD94EE400018FA6 /* LaunchScreen.storyboard in Resources */ = {isa = PBXBuildFile; fileRef = 8FFA48DA1CD94EE400018FA6 /* LaunchScreen.storyboard */; };
		8FFA48E71CD94EE500018FA6 /* ExplorerTests.swift in Sources */ = {isa = PBXBuildFile; fileRef = 8FFA48E61CD94EE500018FA6 /* ExplorerTests.swift */; };
		8FFA48F21CD94EE500018FA6 /* ExplorerUITests.swift in Sources */ = {isa = PBXBuildFile; fileRef = 8FFA48F11CD94EE500018FA6 /* ExplorerUITests.swift */; };
		8FFA48FD1CD94EEF00018FA6 /* TreeSitter.framework in Frameworks */ = {isa = PBXBuildFile; fileRef = 8FA59A641CD80EBD0041E6C4 /* TreeSitter.framework */; };
		8FFA49001CD94F4C00018FA6 /* ViewController.swift in Sources */ = {isa = PBXBuildFile; fileRef = 8FFA48FF1CD94F4C00018FA6 /* ViewController.swift */; };
		8FFA49011CD9503900018FA6 /* test.txt in Resources */ = {isa = PBXBuildFile; fileRef = 8FFA48BE1CD93C5900018FA6 /* test.txt */; };
		8FFA49021CD9529D00018FA6 /* test.txt in Resources */ = {isa = PBXBuildFile; fileRef = 8FFA48BE1CD93C5900018FA6 /* test.txt */; };
		8FFA49031CD9645700018FA6 /* TreeSitter.framework in Frameworks */ = {isa = PBXBuildFile; fileRef = 8FA59A641CD80EBD0041E6C4 /* TreeSitter.framework */; };
		8FFA49041CD9645700018FA6 /* TreeSitter.framework in Embed Frameworks */ = {isa = PBXBuildFile; fileRef = 8FA59A641CD80EBD0041E6C4 /* TreeSitter.framework */; settings = {ATTRIBUTES = (CodeSignOnCopy, RemoveHeadersOnCopy, ); }; };
		8FFDA85B1D961AB60069A6A3 /* NSAttributedString.swift in Sources */ = {isa = PBXBuildFile; fileRef = 8FFDA85A1D961AB60069A6A3 /* NSAttributedString.swift */; };
/* End PBXBuildFile section */

/* Begin PBXContainerItemProxy section */
		8FA59A701CD80EBE0041E6C4 /* PBXContainerItemProxy */ = {
			isa = PBXContainerItemProxy;
			containerPortal = 8FA59A5B1CD80EBD0041E6C4 /* Project object */;
			proxyType = 1;
			remoteGlobalIDString = 8FA59A631CD80EBD0041E6C4;
			remoteInfo = TreeSitter;
		};
		8FFA48E31CD94EE500018FA6 /* PBXContainerItemProxy */ = {
			isa = PBXContainerItemProxy;
			containerPortal = 8FA59A5B1CD80EBD0041E6C4 /* Project object */;
			proxyType = 1;
			remoteGlobalIDString = 8FFA48CA1CD94EE400018FA6;
			remoteInfo = Explorer;
		};
		8FFA48EE1CD94EE500018FA6 /* PBXContainerItemProxy */ = {
			isa = PBXContainerItemProxy;
			containerPortal = 8FA59A5B1CD80EBD0041E6C4 /* Project object */;
			proxyType = 1;
			remoteGlobalIDString = 8FFA48CA1CD94EE400018FA6;
			remoteInfo = Explorer;
		};
		8FFA49051CD9645700018FA6 /* PBXContainerItemProxy */ = {
			isa = PBXContainerItemProxy;
			containerPortal = 8FA59A5B1CD80EBD0041E6C4 /* Project object */;
			proxyType = 1;
			remoteGlobalIDString = 8FA59A631CD80EBD0041E6C4;
			remoteInfo = TreeSitter;
		};
/* End PBXContainerItemProxy section */

/* Begin PBXCopyFilesBuildPhase section */
		8FFA49071CD9645700018FA6 /* Embed Frameworks */ = {
			isa = PBXCopyFilesBuildPhase;
			buildActionMask = 2147483647;
			dstPath = "";
			dstSubfolderSpec = 10;
			files = (
				8FFA49041CD9645700018FA6 /* TreeSitter.framework in Embed Frameworks */,
			);
			name = "Embed Frameworks";
			runOnlyForDeploymentPostprocessing = 0;
		};
/* End PBXCopyFilesBuildPhase section */

/* Begin PBXFileReference section */
		8F03C7791E0BFB8E001C7F95 /* alloc.h */ = {isa = PBXFileReference; fileEncoding = 4; lastKnownFileType = sourcecode.c.h; name = alloc.h; path = "Carthage/Checkouts/tree-sitter/src/runtime/alloc.h"; sourceTree = SOURCE_ROOT; };
		8F03C77A1E0BFB8E001C7F95 /* array.h */ = {isa = PBXFileReference; fileEncoding = 4; lastKnownFileType = sourcecode.c.h; name = array.h; path = "Carthage/Checkouts/tree-sitter/src/runtime/array.h"; sourceTree = SOURCE_ROOT; };
		8F03C77B1E0BFB8E001C7F95 /* document.c */ = {isa = PBXFileReference; fileEncoding = 4; lastKnownFileType = sourcecode.c.c; name = document.c; path = "Carthage/Checkouts/tree-sitter/src/runtime/document.c"; sourceTree = SOURCE_ROOT; };
		8F03C77C1E0BFB8E001C7F95 /* document.h */ = {isa = PBXFileReference; fileEncoding = 4; lastKnownFileType = sourcecode.c.h; name = document.h; path = "Carthage/Checkouts/tree-sitter/src/runtime/document.h"; sourceTree = SOURCE_ROOT; };
		8F03C77D1E0BFB8E001C7F95 /* error_costs.h */ = {isa = PBXFileReference; fileEncoding = 4; lastKnownFileType = sourcecode.c.h; name = error_costs.h; path = "Carthage/Checkouts/tree-sitter/src/runtime/error_costs.h"; sourceTree = SOURCE_ROOT; };
		8F03C77E1E0BFB8E001C7F95 /* language.c */ = {isa = PBXFileReference; fileEncoding = 4; lastKnownFileType = sourcecode.c.c; name = language.c; path = "Carthage/Checkouts/tree-sitter/src/runtime/language.c"; sourceTree = SOURCE_ROOT; };
		8F03C77F1E0BFB8E001C7F95 /* language.h */ = {isa = PBXFileReference; fileEncoding = 4; lastKnownFileType = sourcecode.c.h; name = language.h; path = "Carthage/Checkouts/tree-sitter/src/runtime/language.h"; sourceTree = SOURCE_ROOT; };
		8F03C7801E0BFB8E001C7F95 /* length.h */ = {isa = PBXFileReference; fileEncoding = 4; lastKnownFileType = sourcecode.c.h; name = length.h; path = "Carthage/Checkouts/tree-sitter/src/runtime/length.h"; sourceTree = SOURCE_ROOT; };
		8F03C7811E0BFB8E001C7F95 /* lexer.c */ = {isa = PBXFileReference; fileEncoding = 4; lastKnownFileType = sourcecode.c.c; name = lexer.c; path = "Carthage/Checkouts/tree-sitter/src/runtime/lexer.c"; sourceTree = SOURCE_ROOT; };
		8F03C7821E0BFB8E001C7F95 /* lexer.h */ = {isa = PBXFileReference; fileEncoding = 4; lastKnownFileType = sourcecode.c.h; name = lexer.h; path = "Carthage/Checkouts/tree-sitter/src/runtime/lexer.h"; sourceTree = SOURCE_ROOT; };
		8F03C7831E0BFB8E001C7F95 /* node.c */ = {isa = PBXFileReference; fileEncoding = 4; lastKnownFileType = sourcecode.c.c; name = node.c; path = "Carthage/Checkouts/tree-sitter/src/runtime/node.c"; sourceTree = SOURCE_ROOT; };
		8F03C7841E0BFB8E001C7F95 /* node.h */ = {isa = PBXFileReference; fileEncoding = 4; lastKnownFileType = sourcecode.c.h; name = node.h; path = "Carthage/Checkouts/tree-sitter/src/runtime/node.h"; sourceTree = SOURCE_ROOT; };
		8F03C7851E0BFB8E001C7F95 /* parser.c */ = {isa = PBXFileReference; fileEncoding = 4; lastKnownFileType = sourcecode.c.c; name = parser.c; path = "Carthage/Checkouts/tree-sitter/src/runtime/parser.c"; sourceTree = SOURCE_ROOT; };
		8F03C7861E0BFB8E001C7F95 /* parser.h */ = {isa = PBXFileReference; fileEncoding = 4; lastKnownFileType = sourcecode.c.h; name = parser.h; path = "Carthage/Checkouts/tree-sitter/src/runtime/parser.h"; sourceTree = SOURCE_ROOT; };
		8F03C7871E0BFB8E001C7F95 /* point.h */ = {isa = PBXFileReference; fileEncoding = 4; lastKnownFileType = sourcecode.c.h; name = point.h; path = "Carthage/Checkouts/tree-sitter/src/runtime/point.h"; sourceTree = SOURCE_ROOT; };
		8F03C7881E0BFB8E001C7F95 /* reduce_action.h */ = {isa = PBXFileReference; fileEncoding = 4; lastKnownFileType = sourcecode.c.h; name = reduce_action.h; path = "Carthage/Checkouts/tree-sitter/src/runtime/reduce_action.h"; sourceTree = SOURCE_ROOT; };
		8F03C7891E0BFB8E001C7F95 /* stack.c */ = {isa = PBXFileReference; fileEncoding = 4; lastKnownFileType = sourcecode.c.c; name = stack.c; path = "Carthage/Checkouts/tree-sitter/src/runtime/stack.c"; sourceTree = SOURCE_ROOT; };
		8F03C78A1E0BFB8E001C7F95 /* stack.h */ = {isa = PBXFileReference; fileEncoding = 4; lastKnownFileType = sourcecode.c.h; name = stack.h; path = "Carthage/Checkouts/tree-sitter/src/runtime/stack.h"; sourceTree = SOURCE_ROOT; };
		8F03C78B1E0BFB8E001C7F95 /* string_input.c */ = {isa = PBXFileReference; fileEncoding = 4; lastKnownFileType = sourcecode.c.c; name = string_input.c; path = "Carthage/Checkouts/tree-sitter/src/runtime/string_input.c"; sourceTree = SOURCE_ROOT; };
		8F03C78C1E0BFB8E001C7F95 /* string_input.h */ = {isa = PBXFileReference; fileEncoding = 4; lastKnownFileType = sourcecode.c.h; name = string_input.h; path = "Carthage/Checkouts/tree-sitter/src/runtime/string_input.h"; sourceTree = SOURCE_ROOT; };
		8F03C78D1E0BFB8E001C7F95 /* tree_path.h */ = {isa = PBXFileReference; fileEncoding = 4; lastKnownFileType = sourcecode.c.h; name = tree_path.h; path = "Carthage/Checkouts/tree-sitter/src/runtime/tree_path.h"; sourceTree = SOURCE_ROOT; };
		8F03C78E1E0BFB8E001C7F95 /* tree.c */ = {isa = PBXFileReference; fileEncoding = 4; lastKnownFileType = sourcecode.c.c; name = tree.c; path = "Carthage/Checkouts/tree-sitter/src/runtime/tree.c"; sourceTree = SOURCE_ROOT; };
		8F03C78F1E0BFB8E001C7F95 /* tree.h */ = {isa = PBXFileReference; fileEncoding = 4; lastKnownFileType = sourcecode.c.h; name = tree.h; path = "Carthage/Checkouts/tree-sitter/src/runtime/tree.h"; sourceTree = SOURCE_ROOT; };
		8F03C7901E0BFB8E001C7F95 /* utf16.c */ = {isa = PBXFileReference; fileEncoding = 4; lastKnownFileType = sourcecode.c.c; name = utf16.c; path = "Carthage/Checkouts/tree-sitter/src/runtime/utf16.c"; sourceTree = SOURCE_ROOT; };
		8F03C7911E0BFB8E001C7F95 /* utf16.h */ = {isa = PBXFileReference; fileEncoding = 4; lastKnownFileType = sourcecode.c.h; name = utf16.h; path = "Carthage/Checkouts/tree-sitter/src/runtime/utf16.h"; sourceTree = SOURCE_ROOT; };
		8F2531BE1D2C5BE200AE3EEE /* TextView.swift */ = {isa = PBXFileReference; fileEncoding = 4; lastKnownFileType = sourcecode.swift; path = TextView.swift; sourceTree = "<group>"; };
		8F29AB191CD9682F00BBBEEA /* UIKit.framework */ = {isa = PBXFileReference; lastKnownFileType = wrapper.framework; name = UIKit.framework; path = System/Library/Frameworks/UIKit.framework; sourceTree = SDKROOT; };
		8F29EE271CD968A400AE4A59 /* testRuby.txt */ = {isa = PBXFileReference; fileEncoding = 4; lastKnownFileType = text; path = testRuby.txt; sourceTree = "<group>"; };
		8F29EE2A1CD96C2700AE4A59 /* Ruby.swift */ = {isa = PBXFileReference; fileEncoding = 4; lastKnownFileType = sourcecode.swift; path = Ruby.swift; sourceTree = "<group>"; };
		8F29EE2C1CD96C7F00AE4A59 /* C.swift */ = {isa = PBXFileReference; fileEncoding = 4; lastKnownFileType = sourcecode.swift; path = C.swift; sourceTree = "<group>"; };
		8F29EE2E1CD96CB400AE4A59 /* Symbol.swift */ = {isa = PBXFileReference; fileEncoding = 4; lastKnownFileType = sourcecode.swift; path = Symbol.swift; sourceTree = "<group>"; };
		8F3992531D2D9A3B00D7C8EC /* C++.swift */ = {isa = PBXFileReference; fileEncoding = 4; lastKnownFileType = sourcecode.swift; name = "C++.swift"; path = "emplate/C++.swift"; sourceTree = "<group>"; };
		8F8119591CD935AD006A9980 /* test.swift */ = {isa = PBXFileReference; lastKnownFileType = sourcecode.swift; path = test.swift; sourceTree = "<group>"; };
		8F9EF3FA1CDB722100F2A5A8 /* Node.swift */ = {isa = PBXFileReference; fileEncoding = 4; lastKnownFileType = sourcecode.swift; path = Node.swift; sourceTree = "<group>"; };
		8F9EF3FC1CDB724000F2A5A8 /* Extensions.swift */ = {isa = PBXFileReference; fileEncoding = 4; lastKnownFileType = sourcecode.swift; path = Extensions.swift; sourceTree = "<group>"; };
		8F9EF4001CDC0C8300F2A5A8 /* TextStorage.swift */ = {isa = PBXFileReference; fileEncoding = 4; lastKnownFileType = sourcecode.swift; path = TextStorage.swift; sourceTree = "<group>"; };
		8F9EF4021CDC0E2000F2A5A8 /* Document.swift */ = {isa = PBXFileReference; fileEncoding = 4; lastKnownFileType = sourcecode.swift; path = Document.swift; sourceTree = "<group>"; };
		8F9EF4041CDC184B00F2A5A8 /* Input.swift */ = {isa = PBXFileReference; fileEncoding = 4; lastKnownFileType = sourcecode.swift; path = Input.swift; sourceTree = "<group>"; };
		8F9EF4061CDC1E0000F2A5A8 /* Language.swift */ = {isa = PBXFileReference; fileEncoding = 4; lastKnownFileType = sourcecode.swift; path = Language.swift; sourceTree = "<group>"; };
		8F9FF01F1D7C0DDB002AE8D5 /* c.c */ = {isa = PBXFileReference; fileEncoding = 4; lastKnownFileType = sourcecode.c.c; path = c.c; sourceTree = "<group>"; };
		8F9FF0201D7C0DDB002AE8D5 /* c.swift */ = {isa = PBXFileReference; fileEncoding = 4; lastKnownFileType = sourcecode.swift; path = c.swift; sourceTree = "<group>"; };
		8F9FF0211D7C0DDB002AE8D5 /* cpp.c */ = {isa = PBXFileReference; fileEncoding = 4; lastKnownFileType = sourcecode.c.c; path = cpp.c; sourceTree = "<group>"; };
		8F9FF0221D7C0DDB002AE8D5 /* cpp.swift */ = {isa = PBXFileReference; fileEncoding = 4; lastKnownFileType = sourcecode.swift; path = cpp.swift; sourceTree = "<group>"; };
		8F9FF0231D7C0DDB002AE8D5 /* go.c */ = {isa = PBXFileReference; fileEncoding = 4; lastKnownFileType = sourcecode.c.c; path = go.c; sourceTree = "<group>"; };
		8F9FF0241D7C0DDB002AE8D5 /* go.swift */ = {isa = PBXFileReference; fileEncoding = 4; lastKnownFileType = sourcecode.swift; path = go.swift; sourceTree = "<group>"; };
		8F9FF0251D7C0DDB002AE8D5 /* javascript.c */ = {isa = PBXFileReference; fileEncoding = 4; lastKnownFileType = sourcecode.c.c; path = javascript.c; sourceTree = "<group>"; };
		8F9FF0261D7C0DDB002AE8D5 /* javascript.swift */ = {isa = PBXFileReference; fileEncoding = 4; lastKnownFileType = sourcecode.swift; path = javascript.swift; sourceTree = "<group>"; };
		8F9FF0271D7C0DDB002AE8D5 /* json.c */ = {isa = PBXFileReference; fileEncoding = 4; lastKnownFileType = sourcecode.c.c; path = json.c; sourceTree = "<group>"; };
		8F9FF0281D7C0DDB002AE8D5 /* json.swift */ = {isa = PBXFileReference; fileEncoding = 4; lastKnownFileType = sourcecode.swift; path = json.swift; sourceTree = "<group>"; };
		8F9FF0291D7C0DDB002AE8D5 /* ruby.c */ = {isa = PBXFileReference; fileEncoding = 4; lastKnownFileType = sourcecode.c.c; path = ruby.c; sourceTree = "<group>"; };
		8F9FF02A1D7C0DDB002AE8D5 /* ruby.swift */ = {isa = PBXFileReference; fileEncoding = 4; lastKnownFileType = sourcecode.swift; path = ruby.swift; sourceTree = "<group>"; };
		8FA59A641CD80EBD0041E6C4 /* TreeSitter.framework */ = {isa = PBXFileReference; explicitFileType = wrapper.framework; includeInIndex = 0; path = TreeSitter.framework; sourceTree = BUILT_PRODUCTS_DIR; };
		8FA59A671CD80EBD0041E6C4 /* TreeSitter.h */ = {isa = PBXFileReference; lastKnownFileType = sourcecode.c.h; path = TreeSitter.h; sourceTree = "<group>"; };
		8FA59A691CD80EBD0041E6C4 /* Info.plist */ = {isa = PBXFileReference; lastKnownFileType = text.plist.xml; path = Info.plist; sourceTree = "<group>"; };
		8FA59A6E1CD80EBE0041E6C4 /* TreeSitterTests.xctest */ = {isa = PBXFileReference; explicitFileType = wrapper.cfbundle; includeInIndex = 0; path = TreeSitterTests.xctest; sourceTree = BUILT_PRODUCTS_DIR; };
		8FA59A731CD80EBE0041E6C4 /* TreeSitterTests.swift */ = {isa = PBXFileReference; lastKnownFileType = sourcecode.swift; path = TreeSitterTests.swift; sourceTree = "<group>"; };
		8FA59A751CD80EBE0041E6C4 /* Info.plist */ = {isa = PBXFileReference; lastKnownFileType = text.plist.xml; path = Info.plist; sourceTree = "<group>"; };
		8FA59B841CD812730041E6C4 /* module.modulemap */ = {isa = PBXFileReference; lastKnownFileType = "sourcecode.module-map"; name = module.modulemap; path = "tree-sitter/module.modulemap"; sourceTree = SOURCE_ROOT; };
		8FA5C6BF1CD8F56700BF090B /* test.json */ = {isa = PBXFileReference; fileEncoding = 4; lastKnownFileType = text.json; name = test.json; path = ../TreeSitter/test.json; sourceTree = "<group>"; };
		8FB48EBE1D2E7D1400BC50A1 /* Javascript.swift */ = {isa = PBXFileReference; fileEncoding = 4; lastKnownFileType = sourcecode.swift; name = Javascript.swift; path = emplate/Javascript.swift; sourceTree = "<group>"; };
		8FB48EC01D2E7E8F00BC50A1 /* javascript.txt */ = {isa = PBXFileReference; fileEncoding = 4; lastKnownFileType = text; name = javascript.txt; path = ../TreeSitter/tests/javascript.txt; sourceTree = "<group>"; };
		8FB48EC41D2E884F00BC50A1 /* JSON.swift */ = {isa = PBXFileReference; fileEncoding = 4; lastKnownFileType = sourcecode.swift; name = JSON.swift; path = emplate/JSON.swift; sourceTree = "<group>"; };
		8FB48EC61D2E898400BC50A1 /* json.txt */ = {isa = PBXFileReference; fileEncoding = 4; lastKnownFileType = text; name = json.txt; path = TreeSitter/tests/json.txt; sourceTree = SOURCE_ROOT; };
		8FC60B101DD011EB00E4CB92 /* module.modulemap */ = {isa = PBXFileReference; lastKnownFileType = "sourcecode.module-map"; path = module.modulemap; sourceTree = SOURCE_ROOT; };
		8FDCBA601CDA10B3009A829F /* LayoutManager.swift */ = {isa = PBXFileReference; fileEncoding = 4; lastKnownFileType = sourcecode.swift; path = LayoutManager.swift; sourceTree = "<group>"; };
		8FE5A3C41DD01FD600833B64 /* TextStorageHelper.swift */ = {isa = PBXFileReference; fileEncoding = 4; lastKnownFileType = sourcecode.swift; path = TextStorageHelper.swift; sourceTree = "<group>"; };
		8FFA48BE1CD93C5900018FA6 /* test.txt */ = {isa = PBXFileReference; fileEncoding = 4; lastKnownFileType = text; path = test.txt; sourceTree = "<group>"; };
		8FFA48C31CD94CCE00018FA6 /* JLTokenType.swift */ = {isa = PBXFileReference; fileEncoding = 4; lastKnownFileType = sourcecode.swift; path = JLTokenType.swift; sourceTree = "<group>"; };
		8FFA48C41CD94CCE00018FA6 /* JLColorTheme.swift */ = {isa = PBXFileReference; fileEncoding = 4; lastKnownFileType = sourcecode.swift; path = JLColorTheme.swift; sourceTree = "<group>"; };
		8FFA48CB1CD94EE400018FA6 /* Explorer.app */ = {isa = PBXFileReference; explicitFileType = wrapper.application; includeInIndex = 0; path = Explorer.app; sourceTree = BUILT_PRODUCTS_DIR; };
		8FFA48CD1CD94EE400018FA6 /* AppDelegate.swift */ = {isa = PBXFileReference; lastKnownFileType = sourcecode.swift; path = AppDelegate.swift; sourceTree = "<group>"; };
		8FFA48D61CD94EE400018FA6 /* Base */ = {isa = PBXFileReference; lastKnownFileType = file.storyboard; name = Base; path = Base.lproj/Main.storyboard; sourceTree = "<group>"; };
		8FFA48D81CD94EE400018FA6 /* Assets.xcassets */ = {isa = PBXFileReference; lastKnownFileType = folder.assetcatalog; path = Assets.xcassets; sourceTree = "<group>"; };
		8FFA48DB1CD94EE400018FA6 /* Base */ = {isa = PBXFileReference; lastKnownFileType = file.storyboard; name = Base; path = Base.lproj/LaunchScreen.storyboard; sourceTree = "<group>"; };
		8FFA48DD1CD94EE400018FA6 /* Info.plist */ = {isa = PBXFileReference; lastKnownFileType = text.plist.xml; path = Info.plist; sourceTree = "<group>"; };
		8FFA48E21CD94EE500018FA6 /* ExplorerTests.xctest */ = {isa = PBXFileReference; explicitFileType = wrapper.cfbundle; includeInIndex = 0; path = ExplorerTests.xctest; sourceTree = BUILT_PRODUCTS_DIR; };
		8FFA48E61CD94EE500018FA6 /* ExplorerTests.swift */ = {isa = PBXFileReference; lastKnownFileType = sourcecode.swift; path = ExplorerTests.swift; sourceTree = "<group>"; };
		8FFA48E81CD94EE500018FA6 /* Info.plist */ = {isa = PBXFileReference; lastKnownFileType = text.plist.xml; path = Info.plist; sourceTree = "<group>"; };
		8FFA48ED1CD94EE500018FA6 /* ExplorerUITests.xctest */ = {isa = PBXFileReference; explicitFileType = wrapper.cfbundle; includeInIndex = 0; path = ExplorerUITests.xctest; sourceTree = BUILT_PRODUCTS_DIR; };
		8FFA48F11CD94EE500018FA6 /* ExplorerUITests.swift */ = {isa = PBXFileReference; lastKnownFileType = sourcecode.swift; path = ExplorerUITests.swift; sourceTree = "<group>"; };
		8FFA48F31CD94EE500018FA6 /* Info.plist */ = {isa = PBXFileReference; lastKnownFileType = text.plist.xml; path = Info.plist; sourceTree = "<group>"; };
		8FFA48FF1CD94F4C00018FA6 /* ViewController.swift */ = {isa = PBXFileReference; fileEncoding = 4; lastKnownFileType = sourcecode.swift; path = ViewController.swift; sourceTree = "<group>"; };
		8FFDA85A1D961AB60069A6A3 /* NSAttributedString.swift */ = {isa = PBXFileReference; fileEncoding = 4; lastKnownFileType = sourcecode.swift; path = NSAttributedString.swift; sourceTree = "<group>"; };
/* End PBXFileReference section */

/* Begin PBXFrameworksBuildPhase section */
		8FA59A601CD80EBD0041E6C4 /* Frameworks */ = {
			isa = PBXFrameworksBuildPhase;
			buildActionMask = 2147483647;
			files = (
				8F29AB1A1CD9682F00BBBEEA /* UIKit.framework in Frameworks */,
			);
			runOnlyForDeploymentPostprocessing = 0;
		};
		8FA59A6B1CD80EBE0041E6C4 /* Frameworks */ = {
			isa = PBXFrameworksBuildPhase;
			buildActionMask = 2147483647;
			files = (
				8FA59A6F1CD80EBE0041E6C4 /* TreeSitter.framework in Frameworks */,
			);
			runOnlyForDeploymentPostprocessing = 0;
		};
		8FFA48C81CD94EE400018FA6 /* Frameworks */ = {
			isa = PBXFrameworksBuildPhase;
			buildActionMask = 2147483647;
			files = (
				8FFA49031CD9645700018FA6 /* TreeSitter.framework in Frameworks */,
			);
			runOnlyForDeploymentPostprocessing = 0;
		};
		8FFA48DF1CD94EE500018FA6 /* Frameworks */ = {
			isa = PBXFrameworksBuildPhase;
			buildActionMask = 2147483647;
			files = (
			);
			runOnlyForDeploymentPostprocessing = 0;
		};
		8FFA48EA1CD94EE500018FA6 /* Frameworks */ = {
			isa = PBXFrameworksBuildPhase;
			buildActionMask = 2147483647;
			files = (
				8FFA48FD1CD94EEF00018FA6 /* TreeSitter.framework in Frameworks */,
			);
			runOnlyForDeploymentPostprocessing = 0;
		};
/* End PBXFrameworksBuildPhase section */

/* Begin PBXGroup section */
		8F2531B71D2C234900AE3EEE /* C Bridging */ = {
			isa = PBXGroup;
			children = (
				8FA59B841CD812730041E6C4 /* module.modulemap */,
			);
			name = "C Bridging";
			sourceTree = "<group>";
		};
		8F2531B81D2C236300AE3EEE /* Language Symbols */ = {
			isa = PBXGroup;
			children = (
				8FB48EC41D2E884F00BC50A1 /* JSON.swift */,
				8F29EE2C1CD96C7F00AE4A59 /* C.swift */,
				8F29EE2A1CD96C2700AE4A59 /* Ruby.swift */,
				8F3992531D2D9A3B00D7C8EC /* C++.swift */,
				8FB48EBE1D2E7D1400BC50A1 /* Javascript.swift */,
			);
			name = "Language Symbols";
			sourceTree = "<group>";
		};
		8F2531B91D2C247E00AE3EEE /* TreeSitter Wrappers */ = {
			isa = PBXGroup;
			children = (
				8F9EF4041CDC184B00F2A5A8 /* Input.swift */,
				8F9EF3FA1CDB722100F2A5A8 /* Node.swift */,
				8F9EF4061CDC1E0000F2A5A8 /* Language.swift */,
				8F9EF4021CDC0E2000F2A5A8 /* Document.swift */,
			);
			name = "TreeSitter Wrappers";
			sourceTree = "<group>";
		};
		8F81191E1CD93149006A9980 /* runtime */ = {
			isa = PBXGroup;
			children = (
				8F03C7791E0BFB8E001C7F95 /* alloc.h */,
				8F03C77A1E0BFB8E001C7F95 /* array.h */,
				8F03C77B1E0BFB8E001C7F95 /* document.c */,
				8F03C77C1E0BFB8E001C7F95 /* document.h */,
				8F03C77D1E0BFB8E001C7F95 /* error_costs.h */,
				8F03C77E1E0BFB8E001C7F95 /* language.c */,
				8F03C77F1E0BFB8E001C7F95 /* language.h */,
				8F03C7801E0BFB8E001C7F95 /* length.h */,
				8F03C7811E0BFB8E001C7F95 /* lexer.c */,
				8F03C7821E0BFB8E001C7F95 /* lexer.h */,
				8F03C7831E0BFB8E001C7F95 /* node.c */,
				8F03C7841E0BFB8E001C7F95 /* node.h */,
				8F03C7851E0BFB8E001C7F95 /* parser.c */,
				8F03C7861E0BFB8E001C7F95 /* parser.h */,
				8F03C7871E0BFB8E001C7F95 /* point.h */,
				8F03C7881E0BFB8E001C7F95 /* reduce_action.h */,
				8F03C7891E0BFB8E001C7F95 /* stack.c */,
				8F03C78A1E0BFB8E001C7F95 /* stack.h */,
				8F03C78B1E0BFB8E001C7F95 /* string_input.c */,
				8F03C78C1E0BFB8E001C7F95 /* string_input.h */,
				8F03C78D1E0BFB8E001C7F95 /* tree_path.h */,
				8F03C78E1E0BFB8E001C7F95 /* tree.c */,
				8F03C78F1E0BFB8E001C7F95 /* tree.h */,
				8F03C7901E0BFB8E001C7F95 /* utf16.c */,
				8F03C7911E0BFB8E001C7F95 /* utf16.h */,
			);
			path = runtime;
			sourceTree = "<group>";
		};
		8F9FF01E1D7C0DDB002AE8D5 /* languages */ = {
			isa = PBXGroup;
			children = (
				8F9FF01F1D7C0DDB002AE8D5 /* c.c */,
				8F9FF0201D7C0DDB002AE8D5 /* c.swift */,
				8F9FF0211D7C0DDB002AE8D5 /* cpp.c */,
				8F9FF0221D7C0DDB002AE8D5 /* cpp.swift */,
				8F9FF0231D7C0DDB002AE8D5 /* go.c */,
				8F9FF0241D7C0DDB002AE8D5 /* go.swift */,
				8F9FF0251D7C0DDB002AE8D5 /* javascript.c */,
				8F9FF0261D7C0DDB002AE8D5 /* javascript.swift */,
				8F9FF0271D7C0DDB002AE8D5 /* json.c */,
				8F9FF0281D7C0DDB002AE8D5 /* json.swift */,
				8F9FF0291D7C0DDB002AE8D5 /* ruby.c */,
				8F9FF02A1D7C0DDB002AE8D5 /* ruby.swift */,
			);
			path = languages;
			sourceTree = SOURCE_ROOT;
		};
		8FA59A5A1CD80EBD0041E6C4 = {
			isa = PBXGroup;
			children = (
				8FFA48CC1CD94EE400018FA6 /* Explorer */,
				8F29AB191CD9682F00BBBEEA /* UIKit.framework */,
				8FA59A661CD80EBD0041E6C4 /* TreeSitter */,
				8FA59A721CD80EBE0041E6C4 /* TreeSitterTests */,
				8FFA48E51CD94EE500018FA6 /* ExplorerTests */,
				8FFA48F01CD94EE500018FA6 /* ExplorerUITests */,
				8FA59A651CD80EBD0041E6C4 /* Products */,
			);
			sourceTree = "<group>";
		};
		8FA59A651CD80EBD0041E6C4 /* Products */ = {
			isa = PBXGroup;
			children = (
				8FA59A641CD80EBD0041E6C4 /* TreeSitter.framework */,
				8FA59A6E1CD80EBE0041E6C4 /* TreeSitterTests.xctest */,
				8FFA48CB1CD94EE400018FA6 /* Explorer.app */,
				8FFA48E21CD94EE500018FA6 /* ExplorerTests.xctest */,
				8FFA48ED1CD94EE500018FA6 /* ExplorerUITests.xctest */,
			);
			name = Products;
			sourceTree = "<group>";
		};
		8FA59A661CD80EBD0041E6C4 /* TreeSitter */ = {
			isa = PBXGroup;
			children = (
				8FC60B101DD011EB00E4CB92 /* module.modulemap */,
				8FA59A671CD80EBD0041E6C4 /* TreeSitter.h */,
				8F9EF4001CDC0C8300F2A5A8 /* TextStorage.swift */,
				8FE5A3C41DD01FD600833B64 /* TextStorageHelper.swift */,
				8F2531BE1D2C5BE200AE3EEE /* TextView.swift */,
				8F9EF3FC1CDB724000F2A5A8 /* Extensions.swift */,
				8F29EE2E1CD96CB400AE4A59 /* Symbol.swift */,
				8FFA48C31CD94CCE00018FA6 /* JLTokenType.swift */,
				8FFA48C41CD94CCE00018FA6 /* JLColorTheme.swift */,
				8FFDA85A1D961AB60069A6A3 /* NSAttributedString.swift */,
				8F2531B81D2C236300AE3EEE /* Language Symbols */,
				8F9FF01E1D7C0DDB002AE8D5 /* languages */,
				8F2531B91D2C247E00AE3EEE /* TreeSitter Wrappers */,
				8FA59A691CD80EBD0041E6C4 /* Info.plist */,
				8F2531B71D2C234900AE3EEE /* C Bridging */,
				8F81191E1CD93149006A9980 /* runtime */,
			);
			path = TreeSitter;
			sourceTree = "<group>";
		};
		8FA59A721CD80EBE0041E6C4 /* TreeSitterTests */ = {
			isa = PBXGroup;
			children = (
				8FA5C6BF1CD8F56700BF090B /* test.json */,
				8F8119591CD935AD006A9980 /* test.swift */,
				8FFA48BE1CD93C5900018FA6 /* test.txt */,
				8F29EE271CD968A400AE4A59 /* testRuby.txt */,
				8FA59A731CD80EBE0041E6C4 /* TreeSitterTests.swift */,
				8FA59A751CD80EBE0041E6C4 /* Info.plist */,
			);
			path = TreeSitterTests;
			sourceTree = "<group>";
		};
		8FFA48CC1CD94EE400018FA6 /* Explorer */ = {
			isa = PBXGroup;
			children = (
				8FFA48CD1CD94EE400018FA6 /* AppDelegate.swift */,
				8FFA48FF1CD94F4C00018FA6 /* ViewController.swift */,
				8FDCBA601CDA10B3009A829F /* LayoutManager.swift */,
				8FFA48D51CD94EE400018FA6 /* Main.storyboard */,
				8FFA48D81CD94EE400018FA6 /* Assets.xcassets */,
				8FFA48DA1CD94EE400018FA6 /* LaunchScreen.storyboard */,
				8FFA48DD1CD94EE400018FA6 /* Info.plist */,
				8FB48EC01D2E7E8F00BC50A1 /* javascript.txt */,
				8FB48EC61D2E898400BC50A1 /* json.txt */,
			);
			path = Explorer;
			sourceTree = "<group>";
		};
		8FFA48E51CD94EE500018FA6 /* ExplorerTests */ = {
			isa = PBXGroup;
			children = (
				8FFA48E61CD94EE500018FA6 /* ExplorerTests.swift */,
				8FFA48E81CD94EE500018FA6 /* Info.plist */,
			);
			path = ExplorerTests;
			sourceTree = "<group>";
		};
		8FFA48F01CD94EE500018FA6 /* ExplorerUITests */ = {
			isa = PBXGroup;
			children = (
				8FFA48F11CD94EE500018FA6 /* ExplorerUITests.swift */,
				8FFA48F31CD94EE500018FA6 /* Info.plist */,
			);
			path = ExplorerUITests;
			sourceTree = "<group>";
		};
/* End PBXGroup section */

/* Begin PBXHeadersBuildPhase section */
		8FA59A611CD80EBD0041E6C4 /* Headers */ = {
			isa = PBXHeadersBuildPhase;
			buildActionMask = 2147483647;
			files = (
				8F03C7A31E0BFB8E001C7F95 /* stack.h in Headers */,
				8F03C7A61E0BFB8E001C7F95 /* tree_path.h in Headers */,
				8F03C7931E0BFB8E001C7F95 /* array.h in Headers */,
				8F03C7A01E0BFB8E001C7F95 /* point.h in Headers */,
				8F03C7A11E0BFB8E001C7F95 /* reduce_action.h in Headers */,
				8F03C7AA1E0BFB8E001C7F95 /* utf16.h in Headers */,
				8F03C7921E0BFB8E001C7F95 /* alloc.h in Headers */,
				8FA59A681CD80EBD0041E6C4 /* TreeSitter.h in Headers */,
				8F03C79F1E0BFB8E001C7F95 /* parser.h in Headers */,
				8F03C7991E0BFB8E001C7F95 /* length.h in Headers */,
				8F03C7A51E0BFB8E001C7F95 /* string_input.h in Headers */,
				8F03C7961E0BFB8E001C7F95 /* error_costs.h in Headers */,
				8F03C79B1E0BFB8E001C7F95 /* lexer.h in Headers */,
				8F03C7A81E0BFB8E001C7F95 /* tree.h in Headers */,
				8F03C79D1E0BFB8E001C7F95 /* node.h in Headers */,
				8F03C7981E0BFB8E001C7F95 /* language.h in Headers */,
				8F03C7951E0BFB8E001C7F95 /* document.h in Headers */,
			);
			runOnlyForDeploymentPostprocessing = 0;
		};
/* End PBXHeadersBuildPhase section */

/* Begin PBXNativeTarget section */
		8FA59A631CD80EBD0041E6C4 /* TreeSitter */ = {
			isa = PBXNativeTarget;
			buildConfigurationList = 8FA59A781CD80EBE0041E6C4 /* Build configuration list for PBXNativeTarget "TreeSitter" */;
			buildPhases = (
				8FA59A5F1CD80EBD0041E6C4 /* Sources */,
				8FA59A601CD80EBD0041E6C4 /* Frameworks */,
				8FA59A611CD80EBD0041E6C4 /* Headers */,
				8FA59A621CD80EBD0041E6C4 /* Resources */,
			);
			buildRules = (
			);
			dependencies = (
			);
			name = TreeSitter;
			productName = TreeSitter;
			productReference = 8FA59A641CD80EBD0041E6C4 /* TreeSitter.framework */;
			productType = "com.apple.product-type.framework";
		};
		8FA59A6D1CD80EBE0041E6C4 /* TreeSitterTests */ = {
			isa = PBXNativeTarget;
			buildConfigurationList = 8FA59A7B1CD80EBE0041E6C4 /* Build configuration list for PBXNativeTarget "TreeSitterTests" */;
			buildPhases = (
				8FA59A6A1CD80EBE0041E6C4 /* Sources */,
				8FA59A6B1CD80EBE0041E6C4 /* Frameworks */,
				8FA59A6C1CD80EBE0041E6C4 /* Resources */,
			);
			buildRules = (
			);
			dependencies = (
				8FA59A711CD80EBE0041E6C4 /* PBXTargetDependency */,
			);
			name = TreeSitterTests;
			productName = TreeSitterTests;
			productReference = 8FA59A6E1CD80EBE0041E6C4 /* TreeSitterTests.xctest */;
			productType = "com.apple.product-type.bundle.unit-test";
		};
		8FFA48CA1CD94EE400018FA6 /* Explorer */ = {
			isa = PBXNativeTarget;
			buildConfigurationList = 8FFA48F41CD94EE500018FA6 /* Build configuration list for PBXNativeTarget "Explorer" */;
			buildPhases = (
				8FFA48C71CD94EE400018FA6 /* Sources */,
				8FFA48C81CD94EE400018FA6 /* Frameworks */,
				8FFA48C91CD94EE400018FA6 /* Resources */,
				8FFA49071CD9645700018FA6 /* Embed Frameworks */,
			);
			buildRules = (
			);
			dependencies = (
				8FFA49061CD9645700018FA6 /* PBXTargetDependency */,
			);
			name = Explorer;
			productName = Explorer;
			productReference = 8FFA48CB1CD94EE400018FA6 /* Explorer.app */;
			productType = "com.apple.product-type.application";
		};
		8FFA48E11CD94EE500018FA6 /* ExplorerTests */ = {
			isa = PBXNativeTarget;
			buildConfigurationList = 8FFA48F71CD94EE500018FA6 /* Build configuration list for PBXNativeTarget "ExplorerTests" */;
			buildPhases = (
				8FFA48DE1CD94EE500018FA6 /* Sources */,
				8FFA48DF1CD94EE500018FA6 /* Frameworks */,
				8FFA48E01CD94EE500018FA6 /* Resources */,
			);
			buildRules = (
			);
			dependencies = (
				8FFA48E41CD94EE500018FA6 /* PBXTargetDependency */,
			);
			name = ExplorerTests;
			productName = ExplorerTests;
			productReference = 8FFA48E21CD94EE500018FA6 /* ExplorerTests.xctest */;
			productType = "com.apple.product-type.bundle.unit-test";
		};
		8FFA48EC1CD94EE500018FA6 /* ExplorerUITests */ = {
			isa = PBXNativeTarget;
			buildConfigurationList = 8FFA48FA1CD94EE500018FA6 /* Build configuration list for PBXNativeTarget "ExplorerUITests" */;
			buildPhases = (
				8FFA48E91CD94EE500018FA6 /* Sources */,
				8FFA48EA1CD94EE500018FA6 /* Frameworks */,
				8FFA48EB1CD94EE500018FA6 /* Resources */,
			);
			buildRules = (
			);
			dependencies = (
				8FFA48EF1CD94EE500018FA6 /* PBXTargetDependency */,
			);
			name = ExplorerUITests;
			productName = ExplorerUITests;
			productReference = 8FFA48ED1CD94EE500018FA6 /* ExplorerUITests.xctest */;
			productType = "com.apple.product-type.bundle.ui-testing";
		};
/* End PBXNativeTarget section */

/* Begin PBXProject section */
		8FA59A5B1CD80EBD0041E6C4 /* Project object */ = {
			isa = PBXProject;
			attributes = {
				LastSwiftUpdateCheck = 0730;
				LastUpgradeCheck = 0820;
				ORGANIZATIONNAME = "Johannes Lund";
				TargetAttributes = {
					8FA59A631CD80EBD0041E6C4 = {
						CreatedOnToolsVersion = 7.3.1;
						DevelopmentTeam = DQ69J4LB4T;
						DevelopmentTeamName = "Johannes Lund";
						LastSwiftMigration = 0800;
						ProvisioningStyle = Manual;
					};
					8FA59A6D1CD80EBE0041E6C4 = {
						CreatedOnToolsVersion = 7.3.1;
					};
					8FFA48CA1CD94EE400018FA6 = {
						CreatedOnToolsVersion = 7.3.1;
						DevelopmentTeam = DQ69J4LB4T;
						LastSwiftMigration = 0800;
					};
					8FFA48E11CD94EE500018FA6 = {
						CreatedOnToolsVersion = 7.3.1;
						LastSwiftMigration = 0800;
						TestTargetID = 8FFA48CA1CD94EE400018FA6;
					};
					8FFA48EC1CD94EE500018FA6 = {
						CreatedOnToolsVersion = 7.3.1;
						LastSwiftMigration = 0800;
						TestTargetID = 8FFA48CA1CD94EE400018FA6;
					};
				};
			};
			buildConfigurationList = 8FA59A5E1CD80EBD0041E6C4 /* Build configuration list for PBXProject "TreeSitter" */;
			compatibilityVersion = "Xcode 3.2";
			developmentRegion = English;
			hasScannedForEncodings = 0;
			knownRegions = (
				en,
				Base,
			);
			mainGroup = 8FA59A5A1CD80EBD0041E6C4;
			productRefGroup = 8FA59A651CD80EBD0041E6C4 /* Products */;
			projectDirPath = "";
			projectRoot = "";
			targets = (
				8FA59A631CD80EBD0041E6C4 /* TreeSitter */,
				8FA59A6D1CD80EBE0041E6C4 /* TreeSitterTests */,
				8FFA48CA1CD94EE400018FA6 /* Explorer */,
				8FFA48E11CD94EE500018FA6 /* ExplorerTests */,
				8FFA48EC1CD94EE500018FA6 /* ExplorerUITests */,
			);
		};
/* End PBXProject section */

/* Begin PBXResourcesBuildPhase section */
		8FA59A621CD80EBD0041E6C4 /* Resources */ = {
			isa = PBXResourcesBuildPhase;
			buildActionMask = 2147483647;
			files = (
			);
			runOnlyForDeploymentPostprocessing = 0;
		};
		8FA59A6C1CD80EBE0041E6C4 /* Resources */ = {
			isa = PBXResourcesBuildPhase;
			buildActionMask = 2147483647;
			files = (
				8F29EE281CD968A400AE4A59 /* testRuby.txt in Resources */,
				8FFA48C11CD93D2700018FA6 /* test.swift in Resources */,
				8FFA48C01CD93C7500018FA6 /* test.txt in Resources */,
			);
			runOnlyForDeploymentPostprocessing = 0;
		};
		8FFA48C91CD94EE400018FA6 /* Resources */ = {
			isa = PBXResourcesBuildPhase;
			buildActionMask = 2147483647;
			files = (
				8F29EE291CD96AAE00AE4A59 /* testRuby.txt in Resources */,
				8FB48EC81D2FF36100BC50A1 /* test.json in Resources */,
				8FFA49021CD9529D00018FA6 /* test.txt in Resources */,
				8FFA48DC1CD94EE400018FA6 /* LaunchScreen.storyboard in Resources */,
				8FFA48D91CD94EE400018FA6 /* Assets.xcassets in Resources */,
				8FB48EC71D2E898400BC50A1 /* json.txt in Resources */,
				8FB48EC11D2E7E8F00BC50A1 /* javascript.txt in Resources */,
				8FFA48D71CD94EE400018FA6 /* Main.storyboard in Resources */,
			);
			runOnlyForDeploymentPostprocessing = 0;
		};
		8FFA48E01CD94EE500018FA6 /* Resources */ = {
			isa = PBXResourcesBuildPhase;
			buildActionMask = 2147483647;
			files = (
			);
			runOnlyForDeploymentPostprocessing = 0;
		};
		8FFA48EB1CD94EE500018FA6 /* Resources */ = {
			isa = PBXResourcesBuildPhase;
			buildActionMask = 2147483647;
			files = (
				8FFA49011CD9503900018FA6 /* test.txt in Resources */,
			);
			runOnlyForDeploymentPostprocessing = 0;
		};
/* End PBXResourcesBuildPhase section */

/* Begin PBXSourcesBuildPhase section */
		8FA59A5F1CD80EBD0041E6C4 /* Sources */ = {
			isa = PBXSourcesBuildPhase;
			buildActionMask = 2147483647;
			files = (
				8F03C7A21E0BFB8E001C7F95 /* stack.c in Sources */,
				8F29EE2D1CD96C7F00AE4A59 /* C.swift in Sources */,
				8F9EF3FB1CDB722100F2A5A8 /* Node.swift in Sources */,
				8F9FF0331D7C0DDB002AE8D5 /* json.c in Sources */,
				8F9FF0361D7C0DDB002AE8D5 /* ruby.swift in Sources */,
				8F9FF0321D7C0DDB002AE8D5 /* javascript.swift in Sources */,
				8F03C7941E0BFB8E001C7F95 /* document.c in Sources */,
				8F9FF0311D7C0DDB002AE8D5 /* javascript.c in Sources */,
				8F3992541D2D9A3B00D7C8EC /* C++.swift in Sources */,
				8FE5A3C51DD01FD600833B64 /* TextStorageHelper.swift in Sources */,
				8F9FF0301D7C0DDB002AE8D5 /* go.swift in Sources */,
				8F9FF02C1D7C0DDB002AE8D5 /* c.swift in Sources */,
				8F9EF4051CDC184B00F2A5A8 /* Input.swift in Sources */,
				8F9EF4011CDC0C8300F2A5A8 /* TextStorage.swift in Sources */,
				8F03C79E1E0BFB8E001C7F95 /* parser.c in Sources */,
				8F03C7A71E0BFB8E001C7F95 /* tree.c in Sources */,
				8F9FF02B1D7C0DDB002AE8D5 /* c.c in Sources */,
				8FB48EBF1D2E7D1400BC50A1 /* Javascript.swift in Sources */,
				8F03C79A1E0BFB8E001C7F95 /* lexer.c in Sources */,
				8F03C7A91E0BFB8E001C7F95 /* utf16.c in Sources */,
				8F9FF02D1D7C0DDB002AE8D5 /* cpp.c in Sources */,
				8F29EE2F1CD96CB400AE4A59 /* Symbol.swift in Sources */,
				8F2531BF1D2C5BE200AE3EEE /* TextView.swift in Sources */,
				8F9FF02E1D7C0DDB002AE8D5 /* cpp.swift in Sources */,
				8F9EF4071CDC1E0000F2A5A8 /* Language.swift in Sources */,
				8F9EF4031CDC0E2000F2A5A8 /* Document.swift in Sources */,
				8F03C7971E0BFB8E001C7F95 /* language.c in Sources */,
				8F29EE2B1CD96C2700AE4A59 /* Ruby.swift in Sources */,
				8FFA48C51CD94CCE00018FA6 /* JLTokenType.swift in Sources */,
				8FB48EC51D2E884F00BC50A1 /* JSON.swift in Sources */,
				8F9FF02F1D7C0DDB002AE8D5 /* go.c in Sources */,
				8F9FF0341D7C0DDB002AE8D5 /* json.swift in Sources */,
				8FFDA85B1D961AB60069A6A3 /* NSAttributedString.swift in Sources */,
				8F03C79C1E0BFB8E001C7F95 /* node.c in Sources */,
				8F03C7A41E0BFB8E001C7F95 /* string_input.c in Sources */,
				8F9EF3FD1CDB724000F2A5A8 /* Extensions.swift in Sources */,
				8FFA48C61CD94CCE00018FA6 /* JLColorTheme.swift in Sources */,
			);
			runOnlyForDeploymentPostprocessing = 0;
		};
		8FA59A6A1CD80EBE0041E6C4 /* Sources */ = {
			isa = PBXSourcesBuildPhase;
			buildActionMask = 2147483647;
			files = (
				8FA59A741CD80EBE0041E6C4 /* TreeSitterTests.swift in Sources */,
			);
			runOnlyForDeploymentPostprocessing = 0;
		};
		8FFA48C71CD94EE400018FA6 /* Sources */ = {
			isa = PBXSourcesBuildPhase;
			buildActionMask = 2147483647;
			files = (
				8FFA49001CD94F4C00018FA6 /* ViewController.swift in Sources */,
				8FFA48CE1CD94EE400018FA6 /* AppDelegate.swift in Sources */,
				8FDCBA611CDA10B3009A829F /* LayoutManager.swift in Sources */,
			);
			runOnlyForDeploymentPostprocessing = 0;
		};
		8FFA48DE1CD94EE500018FA6 /* Sources */ = {
			isa = PBXSourcesBuildPhase;
			buildActionMask = 2147483647;
			files = (
				8FFA48E71CD94EE500018FA6 /* ExplorerTests.swift in Sources */,
			);
			runOnlyForDeploymentPostprocessing = 0;
		};
		8FFA48E91CD94EE500018FA6 /* Sources */ = {
			isa = PBXSourcesBuildPhase;
			buildActionMask = 2147483647;
			files = (
				8FFA48F21CD94EE500018FA6 /* ExplorerUITests.swift in Sources */,
			);
			runOnlyForDeploymentPostprocessing = 0;
		};
/* End PBXSourcesBuildPhase section */

/* Begin PBXTargetDependency section */
		8FA59A711CD80EBE0041E6C4 /* PBXTargetDependency */ = {
			isa = PBXTargetDependency;
			target = 8FA59A631CD80EBD0041E6C4 /* TreeSitter */;
			targetProxy = 8FA59A701CD80EBE0041E6C4 /* PBXContainerItemProxy */;
		};
		8FFA48E41CD94EE500018FA6 /* PBXTargetDependency */ = {
			isa = PBXTargetDependency;
			target = 8FFA48CA1CD94EE400018FA6 /* Explorer */;
			targetProxy = 8FFA48E31CD94EE500018FA6 /* PBXContainerItemProxy */;
		};
		8FFA48EF1CD94EE500018FA6 /* PBXTargetDependency */ = {
			isa = PBXTargetDependency;
			target = 8FFA48CA1CD94EE400018FA6 /* Explorer */;
			targetProxy = 8FFA48EE1CD94EE500018FA6 /* PBXContainerItemProxy */;
		};
		8FFA49061CD9645700018FA6 /* PBXTargetDependency */ = {
			isa = PBXTargetDependency;
			target = 8FA59A631CD80EBD0041E6C4 /* TreeSitter */;
			targetProxy = 8FFA49051CD9645700018FA6 /* PBXContainerItemProxy */;
		};
/* End PBXTargetDependency section */

/* Begin PBXVariantGroup section */
		8FFA48D51CD94EE400018FA6 /* Main.storyboard */ = {
			isa = PBXVariantGroup;
			children = (
				8FFA48D61CD94EE400018FA6 /* Base */,
			);
			name = Main.storyboard;
			sourceTree = "<group>";
		};
		8FFA48DA1CD94EE400018FA6 /* LaunchScreen.storyboard */ = {
			isa = PBXVariantGroup;
			children = (
				8FFA48DB1CD94EE400018FA6 /* Base */,
			);
			name = LaunchScreen.storyboard;
			sourceTree = "<group>";
		};
/* End PBXVariantGroup section */

/* Begin XCBuildConfiguration section */
		8FA59A761CD80EBE0041E6C4 /* Debug */ = {
			isa = XCBuildConfiguration;
			buildSettings = {
				ALWAYS_SEARCH_USER_PATHS = NO;
				CLANG_ANALYZER_NONNULL = YES;
				CLANG_CXX_LANGUAGE_STANDARD = "gnu++0x";
				CLANG_CXX_LIBRARY = "libc++";
				CLANG_ENABLE_MODULES = YES;
				CLANG_ENABLE_OBJC_ARC = YES;
				CLANG_WARN_BOOL_CONVERSION = YES;
				CLANG_WARN_CONSTANT_CONVERSION = YES;
				CLANG_WARN_DIRECT_OBJC_ISA_USAGE = YES_ERROR;
				CLANG_WARN_EMPTY_BODY = YES;
				CLANG_WARN_ENUM_CONVERSION = YES;
				CLANG_WARN_INFINITE_RECURSION = YES;
				CLANG_WARN_INT_CONVERSION = YES;
				CLANG_WARN_OBJC_ROOT_CLASS = YES_ERROR;
				CLANG_WARN_SUSPICIOUS_MOVE = YES;
				CLANG_WARN_UNREACHABLE_CODE = YES;
				CLANG_WARN__DUPLICATE_METHOD_MATCH = YES;
				"CODE_SIGN_IDENTITY[sdk=iphoneos*]" = "iPhone Developer";
				COPY_PHASE_STRIP = NO;
				CURRENT_PROJECT_VERSION = 1;
				DEBUG_INFORMATION_FORMAT = dwarf;
				ENABLE_STRICT_OBJC_MSGSEND = YES;
				ENABLE_TESTABILITY = YES;
				GCC_C_LANGUAGE_STANDARD = gnu99;
				GCC_DYNAMIC_NO_PIC = NO;
				GCC_NO_COMMON_BLOCKS = YES;
				GCC_OPTIMIZATION_LEVEL = 0;
				GCC_PREPROCESSOR_DEFINITIONS = (
					"DEBUG=1",
					"$(inherited)",
				);
				GCC_WARN_64_TO_32_BIT_CONVERSION = YES;
				GCC_WARN_ABOUT_RETURN_TYPE = YES_ERROR;
				GCC_WARN_UNDECLARED_SELECTOR = YES;
				GCC_WARN_UNINITIALIZED_AUTOS = YES_AGGRESSIVE;
				GCC_WARN_UNUSED_FUNCTION = YES;
				GCC_WARN_UNUSED_VARIABLE = YES;
				IPHONEOS_DEPLOYMENT_TARGET = 9.3;
				MTL_ENABLE_DEBUG_INFO = YES;
				ONLY_ACTIVE_ARCH = YES;
				SDKROOT = iphoneos;
				SWIFT_OPTIMIZATION_LEVEL = "-Onone";
				TARGETED_DEVICE_FAMILY = "1,2";
				VERSIONING_SYSTEM = "apple-generic";
				VERSION_INFO_PREFIX = "";
			};
			name = Debug;
		};
		8FA59A771CD80EBE0041E6C4 /* Release */ = {
			isa = XCBuildConfiguration;
			buildSettings = {
				ALWAYS_SEARCH_USER_PATHS = NO;
				CLANG_ANALYZER_NONNULL = YES;
				CLANG_CXX_LANGUAGE_STANDARD = "gnu++0x";
				CLANG_CXX_LIBRARY = "libc++";
				CLANG_ENABLE_MODULES = YES;
				CLANG_ENABLE_OBJC_ARC = YES;
				CLANG_WARN_BOOL_CONVERSION = YES;
				CLANG_WARN_CONSTANT_CONVERSION = YES;
				CLANG_WARN_DIRECT_OBJC_ISA_USAGE = YES_ERROR;
				CLANG_WARN_EMPTY_BODY = YES;
				CLANG_WARN_ENUM_CONVERSION = YES;
				CLANG_WARN_INFINITE_RECURSION = YES;
				CLANG_WARN_INT_CONVERSION = YES;
				CLANG_WARN_OBJC_ROOT_CLASS = YES_ERROR;
				CLANG_WARN_SUSPICIOUS_MOVE = YES;
				CLANG_WARN_UNREACHABLE_CODE = YES;
				CLANG_WARN__DUPLICATE_METHOD_MATCH = YES;
				"CODE_SIGN_IDENTITY[sdk=iphoneos*]" = "iPhone Developer";
				COPY_PHASE_STRIP = NO;
				CURRENT_PROJECT_VERSION = 1;
				DEBUG_INFORMATION_FORMAT = "dwarf-with-dsym";
				ENABLE_NS_ASSERTIONS = NO;
				ENABLE_STRICT_OBJC_MSGSEND = YES;
				GCC_C_LANGUAGE_STANDARD = gnu99;
				GCC_NO_COMMON_BLOCKS = YES;
				GCC_WARN_64_TO_32_BIT_CONVERSION = YES;
				GCC_WARN_ABOUT_RETURN_TYPE = YES_ERROR;
				GCC_WARN_UNDECLARED_SELECTOR = YES;
				GCC_WARN_UNINITIALIZED_AUTOS = YES_AGGRESSIVE;
				GCC_WARN_UNUSED_FUNCTION = YES;
				GCC_WARN_UNUSED_VARIABLE = YES;
				IPHONEOS_DEPLOYMENT_TARGET = 9.3;
				MTL_ENABLE_DEBUG_INFO = NO;
				SDKROOT = iphoneos;
				SWIFT_OPTIMIZATION_LEVEL = "-Owholemodule";
				TARGETED_DEVICE_FAMILY = "1,2";
				VALIDATE_PRODUCT = YES;
				VERSIONING_SYSTEM = "apple-generic";
				VERSION_INFO_PREFIX = "";
			};
			name = Release;
		};
		8FA59A791CD80EBE0041E6C4 /* Debug */ = {
			isa = XCBuildConfiguration;
			buildSettings = {
				"CODE_SIGN_IDENTITY[sdk=iphoneos*]" = "";
				DEFINES_MODULE = YES;
				DYLIB_COMPATIBILITY_VERSION = 1;
				DYLIB_CURRENT_VERSION = 1;
				DYLIB_INSTALL_NAME_BASE = "@rpath";
				GCC_FAST_MATH = YES;
				GCC_OPTIMIZATION_LEVEL = fast;
				INFOPLIST_FILE = TreeSitter/Info.plist;
				INSTALL_PATH = "$(LOCAL_LIBRARY_DIR)/Frameworks";
				LD_RUNPATH_SEARCH_PATHS = "$(inherited) @executable_path/Frameworks @loader_path/Frameworks";
				LIBRARY_SEARCH_PATHS = (
					"$(inherited)",
					"$(PROJECT_DIR)/tree-sitter/out/Release",
				);
				LLVM_LTO = NO;
				PRODUCT_BUNDLE_IDENTIFIER = com.anviking.TreeSitter;
				PRODUCT_NAME = "$(TARGET_NAME)";
				PROVISIONING_PROFILE_SPECIFIER = DQ69J4LB4T/;
				SKIP_INSTALL = YES;
				SWIFT_DISABLE_SAFETY_CHECKS = YES;
				SWIFT_INCLUDE_PATHS = "$(SRCROOT)/tree-sitter $(SRCROOT)/languages $(SRCROOT)";
				SWIFT_OPTIMIZATION_LEVEL = "-Owholemodule";
				SWIFT_VERSION = 3.0;
				USER_HEADER_SEARCH_PATHS = "$(SRCROOT)/tree-sitter/** $(SRCROOT)/tree-sitter/src/runtime $(SRCROOT)/tree-sitter/include";
			};
			name = Debug;
		};
		8FA59A7A1CD80EBE0041E6C4 /* Release */ = {
			isa = XCBuildConfiguration;
			buildSettings = {
				"CODE_SIGN_IDENTITY[sdk=iphoneos*]" = "";
				DEFINES_MODULE = YES;
				DYLIB_COMPATIBILITY_VERSION = 1;
				DYLIB_CURRENT_VERSION = 1;
				DYLIB_INSTALL_NAME_BASE = "@rpath";
				GCC_FAST_MATH = YES;
				GCC_OPTIMIZATION_LEVEL = fast;
				INFOPLIST_FILE = TreeSitter/Info.plist;
				INSTALL_PATH = "$(LOCAL_LIBRARY_DIR)/Frameworks";
				LD_RUNPATH_SEARCH_PATHS = "$(inherited) @executable_path/Frameworks @loader_path/Frameworks";
				LIBRARY_SEARCH_PATHS = (
					"$(inherited)",
					"$(PROJECT_DIR)/tree-sitter/out/Release",
				);
				LLVM_LTO = NO;
				PRODUCT_BUNDLE_IDENTIFIER = com.anviking.TreeSitter;
				PRODUCT_NAME = "$(TARGET_NAME)";
				PROVISIONING_PROFILE_SPECIFIER = DQ69J4LB4T/;
				SKIP_INSTALL = YES;
				SWIFT_DISABLE_SAFETY_CHECKS = YES;
				SWIFT_INCLUDE_PATHS = "$(SRCROOT)/tree-sitter $(SRCROOT)/languages $(SRCROOT)";
				SWIFT_OPTIMIZATION_LEVEL = "-Owholemodule";
				SWIFT_VERSION = 3.0;
				USER_HEADER_SEARCH_PATHS = "$(SRCROOT)/tree-sitter/** $(SRCROOT)/tree-sitter/src/runtime $(SRCROOT)/tree-sitter/include";
			};
			name = Release;
		};
		8FA59A7C1CD80EBE0041E6C4 /* Debug */ = {
			isa = XCBuildConfiguration;
			buildSettings = {
				INFOPLIST_FILE = TreeSitterTests/Info.plist;
				LD_RUNPATH_SEARCH_PATHS = "$(inherited) @executable_path/Frameworks @loader_path/Frameworks";
				LIBRARY_SEARCH_PATHS = (
					"$(inherited)",
					"$(PROJECT_DIR)/tree-sitter/out/Release",
				);
				PRODUCT_BUNDLE_IDENTIFIER = com.anviking.TreeSitterTests;
				PRODUCT_NAME = "$(TARGET_NAME)";
			};
			name = Debug;
		};
		8FA59A7D1CD80EBE0041E6C4 /* Release */ = {
			isa = XCBuildConfiguration;
			buildSettings = {
				INFOPLIST_FILE = TreeSitterTests/Info.plist;
				LD_RUNPATH_SEARCH_PATHS = "$(inherited) @executable_path/Frameworks @loader_path/Frameworks";
				LIBRARY_SEARCH_PATHS = (
					"$(inherited)",
					"$(PROJECT_DIR)/tree-sitter/out/Release",
				);
				PRODUCT_BUNDLE_IDENTIFIER = com.anviking.TreeSitterTests;
				PRODUCT_NAME = "$(TARGET_NAME)";
				SWIFT_OPTIMIZATION_LEVEL = "-Owholemodule";
			};
			name = Release;
		};
		8FFA48F51CD94EE500018FA6 /* Debug */ = {
			isa = XCBuildConfiguration;
			buildSettings = {
				ALWAYS_EMBED_SWIFT_STANDARD_LIBRARIES = YES;
				ASSETCATALOG_COMPILER_APPICON_NAME = AppIcon;
				CODE_SIGN_IDENTITY = "iPhone Developer";
				"CODE_SIGN_IDENTITY[sdk=iphoneos*]" = "iPhone Developer";
				INFOPLIST_FILE = Explorer/Info.plist;
				LD_RUNPATH_SEARCH_PATHS = "$(inherited) @executable_path/Frameworks";
				LIBRARY_SEARCH_PATHS = (
					"$(inherited)",
					"$(PROJECT_DIR)/tree-sitter/out/Release",
				);
				PRODUCT_BUNDLE_IDENTIFIER = com.anviking.Explorer;
				PRODUCT_NAME = "$(TARGET_NAME)";
				PROVISIONING_PROFILE = "";
				SWIFT_VERSION = 3.0;
			};
			name = Debug;
		};
		8FFA48F61CD94EE500018FA6 /* Release */ = {
			isa = XCBuildConfiguration;
			buildSettings = {
				ALWAYS_EMBED_SWIFT_STANDARD_LIBRARIES = YES;
				ASSETCATALOG_COMPILER_APPICON_NAME = AppIcon;
				CODE_SIGN_IDENTITY = "iPhone Developer";
				"CODE_SIGN_IDENTITY[sdk=iphoneos*]" = "iPhone Developer";
				INFOPLIST_FILE = Explorer/Info.plist;
				LD_RUNPATH_SEARCH_PATHS = "$(inherited) @executable_path/Frameworks";
				LIBRARY_SEARCH_PATHS = (
					"$(inherited)",
					"$(PROJECT_DIR)/tree-sitter/out/Release",
				);
				PRODUCT_BUNDLE_IDENTIFIER = com.anviking.Explorer;
				PRODUCT_NAME = "$(TARGET_NAME)";
				PROVISIONING_PROFILE = "";
				SWIFT_VERSION = 3.0;
			};
			name = Release;
		};
		8FFA48F81CD94EE500018FA6 /* Debug */ = {
			isa = XCBuildConfiguration;
			buildSettings = {
				BUNDLE_LOADER = "$(TEST_HOST)";
				INFOPLIST_FILE = ExplorerTests/Info.plist;
				LD_RUNPATH_SEARCH_PATHS = "$(inherited) @executable_path/Frameworks @loader_path/Frameworks";
				PRODUCT_BUNDLE_IDENTIFIER = com.anviking.ExplorerTests;
				PRODUCT_NAME = "$(TARGET_NAME)";
				SWIFT_VERSION = 3.0;
				TEST_HOST = "$(BUILT_PRODUCTS_DIR)/Explorer.app/Explorer";
			};
			name = Debug;
		};
		8FFA48F91CD94EE500018FA6 /* Release */ = {
			isa = XCBuildConfiguration;
			buildSettings = {
				BUNDLE_LOADER = "$(TEST_HOST)";
				INFOPLIST_FILE = ExplorerTests/Info.plist;
				LD_RUNPATH_SEARCH_PATHS = "$(inherited) @executable_path/Frameworks @loader_path/Frameworks";
				PRODUCT_BUNDLE_IDENTIFIER = com.anviking.ExplorerTests;
				PRODUCT_NAME = "$(TARGET_NAME)";
				SWIFT_OPTIMIZATION_LEVEL = "-Owholemodule";
				SWIFT_VERSION = 3.0;
				TEST_HOST = "$(BUILT_PRODUCTS_DIR)/Explorer.app/Explorer";
			};
			name = Release;
		};
		8FFA48FB1CD94EE500018FA6 /* Debug */ = {
			isa = XCBuildConfiguration;
			buildSettings = {
				INFOPLIST_FILE = ExplorerUITests/Info.plist;
				LD_RUNPATH_SEARCH_PATHS = "$(inherited) @executable_path/Frameworks @loader_path/Frameworks";
				PRODUCT_BUNDLE_IDENTIFIER = com.anviking.ExplorerUITests;
				PRODUCT_NAME = "$(TARGET_NAME)";
				SWIFT_VERSION = 3.0;
				TEST_TARGET_NAME = Explorer;
			};
			name = Debug;
		};
		8FFA48FC1CD94EE500018FA6 /* Release */ = {
			isa = XCBuildConfiguration;
			buildSettings = {
				INFOPLIST_FILE = ExplorerUITests/Info.plist;
				LD_RUNPATH_SEARCH_PATHS = "$(inherited) @executable_path/Frameworks @loader_path/Frameworks";
				PRODUCT_BUNDLE_IDENTIFIER = com.anviking.ExplorerUITests;
				PRODUCT_NAME = "$(TARGET_NAME)";
				SWIFT_OPTIMIZATION_LEVEL = "-Owholemodule";
				SWIFT_VERSION = 3.0;
				TEST_TARGET_NAME = Explorer;
			};
			name = Release;
		};
/* End XCBuildConfiguration section */

/* Begin XCConfigurationList section */
		8FA59A5E1CD80EBD0041E6C4 /* Build configuration list for PBXProject "TreeSitter" */ = {
			isa = XCConfigurationList;
			buildConfigurations = (
				8FA59A761CD80EBE0041E6C4 /* Debug */,
				8FA59A771CD80EBE0041E6C4 /* Release */,
			);
			defaultConfigurationIsVisible = 0;
			defaultConfigurationName = Release;
		};
		8FA59A781CD80EBE0041E6C4 /* Build configuration list for PBXNativeTarget "TreeSitter" */ = {
			isa = XCConfigurationList;
			buildConfigurations = (
				8FA59A791CD80EBE0041E6C4 /* Debug */,
				8FA59A7A1CD80EBE0041E6C4 /* Release */,
			);
			defaultConfigurationIsVisible = 0;
			defaultConfigurationName = Release;
		};
		8FA59A7B1CD80EBE0041E6C4 /* Build configuration list for PBXNativeTarget "TreeSitterTests" */ = {
			isa = XCConfigurationList;
			buildConfigurations = (
				8FA59A7C1CD80EBE0041E6C4 /* Debug */,
				8FA59A7D1CD80EBE0041E6C4 /* Release */,
			);
			defaultConfigurationIsVisible = 0;
			defaultConfigurationName = Release;
		};
		8FFA48F41CD94EE500018FA6 /* Build configuration list for PBXNativeTarget "Explorer" */ = {
			isa = XCConfigurationList;
			buildConfigurations = (
				8FFA48F51CD94EE500018FA6 /* Debug */,
				8FFA48F61CD94EE500018FA6 /* Release */,
			);
			defaultConfigurationIsVisible = 0;
			defaultConfigurationName = Release;
		};
		8FFA48F71CD94EE500018FA6 /* Build configuration list for PBXNativeTarget "ExplorerTests" */ = {
			isa = XCConfigurationList;
			buildConfigurations = (
				8FFA48F81CD94EE500018FA6 /* Debug */,
				8FFA48F91CD94EE500018FA6 /* Release */,
			);
			defaultConfigurationIsVisible = 0;
			defaultConfigurationName = Release;
		};
		8FFA48FA1CD94EE500018FA6 /* Build configuration list for PBXNativeTarget "ExplorerUITests" */ = {
			isa = XCConfigurationList;
			buildConfigurations = (
				8FFA48FB1CD94EE500018FA6 /* Debug */,
				8FFA48FC1CD94EE500018FA6 /* Release */,
			);
			defaultConfigurationIsVisible = 0;
			defaultConfigurationName = Release;
		};
/* End XCConfigurationList section */
	};
	rootObject = 8FA59A5B1CD80EBD0041E6C4 /* Project object */;
}
