// !$*UTF8*$!
{
	archiveVersion = 1;
	classes = {
	};
	objectVersion = 48;
	objects = {

/* Begin PBXBuildFile section */
		8F6D73291F04D7B300730432 /* json.swift in Sources */ = {isa = PBXBuildFile; fileRef = 8F6D73231F04D7A600730432 /* json.swift */; };
		8F6D732D1F04D7B300730432 /* go.swift in Sources */ = {isa = PBXBuildFile; fileRef = 8F6D73221F04D7A500730432 /* go.swift */; };
		8F6D732F1F04D7B300730432 /* cpp.swift in Sources */ = {isa = PBXBuildFile; fileRef = 8F6D73191F04D79F00730432 /* cpp.swift */; };
		8F6D73311F04D7B300730432 /* c.swift in Sources */ = {isa = PBXBuildFile; fileRef = 8F6D731B1F04D7A000730432 /* c.swift */; };
		8F6D73521F04E2CB00730432 /* Language.swift in Sources */ = {isa = PBXBuildFile; fileRef = 8F6D73491F04E2B500730432 /* Language.swift */; };
		8F6D73531F04E32000730432 /* Input.swift in Sources */ = {isa = PBXBuildFile; fileRef = 8F6D734C1F04E2B500730432 /* Input.swift */; };
		8F6D73541F04E32500730432 /* Document.swift in Sources */ = {isa = PBXBuildFile; fileRef = 8F6D734A1F04E2B500730432 /* Document.swift */; };
		8F6D73551F04E32500730432 /* Extensions.swift in Sources */ = {isa = PBXBuildFile; fileRef = 8F6D734F1F04E2B500730432 /* Extensions.swift */; };
		8F6D73561F04E32500730432 /* JLColorTheme.swift in Sources */ = {isa = PBXBuildFile; fileRef = 8F6D734E1F04E2B500730432 /* JLColorTheme.swift */; };
		8F6D73571F04E32500730432 /* JLTokenType.swift in Sources */ = {isa = PBXBuildFile; fileRef = 8F6D73501F04E2B500730432 /* JLTokenType.swift */; };
		8F6D73581F04E32500730432 /* Node.swift in Sources */ = {isa = PBXBuildFile; fileRef = 8F6D734B1F04E2B500730432 /* Node.swift */; };
		8F6D73591F04E32500730432 /* NSAttributedString.swift in Sources */ = {isa = PBXBuildFile; fileRef = 8F6D73511F04E2B500730432 /* NSAttributedString.swift */; };
		8F6D735A1F04E32500730432 /* Symbol.swift in Sources */ = {isa = PBXBuildFile; fileRef = 8F6D734D1F04E2B500730432 /* Symbol.swift */; };
		8FCB842A1F066FE200DFDC69 /* runtime.a in Frameworks */ = {isa = PBXBuildFile; fileRef = 8FF6CCFA1F04D4DF00D91121 /* runtime.a */; };
		8FCB842B1F066FEE00DFDC69 /* json.c in Sources */ = {isa = PBXBuildFile; fileRef = 8F6D73161F04D79D00730432 /* json.c */; };
		8FCB842C1F06717900DFDC69 /* cpp.c in Sources */ = {isa = PBXBuildFile; fileRef = 8F6D73151F04D79C00730432 /* cpp.c */; };
		8FCB842D1F06717D00DFDC69 /* c.c in Sources */ = {isa = PBXBuildFile; fileRef = 8F6D731A1F04D79F00730432 /* c.c */; };
		8FCB842F1F06793D00DFDC69 /* Sample.swift in Sources */ = {isa = PBXBuildFile; fileRef = 8FCB842E1F06793D00DFDC69 /* Sample.swift */; };
		8FCB84311F067B6700DFDC69 /* json.txt in Resources */ = {isa = PBXBuildFile; fileRef = 8FCB84301F067B6700DFDC69 /* json.txt */; };
		8FCB84341F067B8900DFDC69 /* cpp.txt in Resources */ = {isa = PBXBuildFile; fileRef = 8FCB84331F067B8900DFDC69 /* cpp.txt */; };
		8FCB84371F067D1F00DFDC69 /* TextStorageHelper.swift in Sources */ = {isa = PBXBuildFile; fileRef = 8FCB84351F067D1E00DFDC69 /* TextStorageHelper.swift */; };
		8FCB84381F067D1F00DFDC69 /* TextStorage.swift in Sources */ = {isa = PBXBuildFile; fileRef = 8FCB84361F067D1E00DFDC69 /* TextStorage.swift */; };
		8FCB843A1F06829600DFDC69 /* InputTests.swift in Sources */ = {isa = PBXBuildFile; fileRef = 8FCB84391F06829600DFDC69 /* InputTests.swift */; };
		8FF6CCBB1F04D49400D91121 /* AppDelegate.swift in Sources */ = {isa = PBXBuildFile; fileRef = 8FF6CCBA1F04D49400D91121 /* AppDelegate.swift */; };
		8FF6CCBD1F04D49400D91121 /* MasterViewController.swift in Sources */ = {isa = PBXBuildFile; fileRef = 8FF6CCBC1F04D49400D91121 /* MasterViewController.swift */; };
		8FF6CCBF1F04D49400D91121 /* DetailViewController.swift in Sources */ = {isa = PBXBuildFile; fileRef = 8FF6CCBE1F04D49400D91121 /* DetailViewController.swift */; };
		8FF6CCC21F04D49400D91121 /* Main.storyboard in Resources */ = {isa = PBXBuildFile; fileRef = 8FF6CCC01F04D49400D91121 /* Main.storyboard */; };
		8FF6CCC41F04D49400D91121 /* Assets.xcassets in Resources */ = {isa = PBXBuildFile; fileRef = 8FF6CCC31F04D49400D91121 /* Assets.xcassets */; };
		8FF6CCC71F04D49400D91121 /* LaunchScreen.storyboard in Resources */ = {isa = PBXBuildFile; fileRef = 8FF6CCC51F04D49400D91121 /* LaunchScreen.storyboard */; };
		8FF6CCDC1F04D4C100D91121 /* TreeSitter.framework in Frameworks */ = {isa = PBXBuildFile; fileRef = 8FF6CCD31F04D4C000D91121 /* TreeSitter.framework */; };
		8FF6CCE31F04D4C100D91121 /* TreeSitterTests.swift in Sources */ = {isa = PBXBuildFile; fileRef = 8FF6CCE21F04D4C100D91121 /* TreeSitterTests.swift */; };
		8FF6CCE51F04D4C100D91121 /* TreeSitter.h in Headers */ = {isa = PBXBuildFile; fileRef = 8FF6CCD51F04D4C000D91121 /* TreeSitter.h */; settings = {ATTRIBUTES = (Public, ); }; };
		8FF6CCE81F04D4C100D91121 /* TreeSitter.framework in Frameworks */ = {isa = PBXBuildFile; fileRef = 8FF6CCD31F04D4C000D91121 /* TreeSitter.framework */; };
		8FF6CCE91F04D4C100D91121 /* TreeSitter.framework in Embed Frameworks */ = {isa = PBXBuildFile; fileRef = 8FF6CCD31F04D4C000D91121 /* TreeSitter.framework */; settings = {ATTRIBUTES = (CodeSignOnCopy, RemoveHeadersOnCopy, ); }; };
/* End PBXBuildFile section */

/* Begin PBXContainerItemProxy section */
		8FF6CCDD1F04D4C100D91121 /* PBXContainerItemProxy */ = {
			isa = PBXContainerItemProxy;
			containerPortal = 8FF6CCAF1F04D49400D91121 /* Project object */;
			proxyType = 1;
			remoteGlobalIDString = 8FF6CCD21F04D4C000D91121;
			remoteInfo = TreeSitter;
		};
		8FF6CCDF1F04D4C100D91121 /* PBXContainerItemProxy */ = {
			isa = PBXContainerItemProxy;
			containerPortal = 8FF6CCAF1F04D49400D91121 /* Project object */;
			proxyType = 1;
			remoteGlobalIDString = 8FF6CCB61F04D49400D91121;
			remoteInfo = Demo;
		};
		8FF6CCE61F04D4C100D91121 /* PBXContainerItemProxy */ = {
			isa = PBXContainerItemProxy;
			containerPortal = 8FF6CCAF1F04D49400D91121 /* Project object */;
			proxyType = 1;
			remoteGlobalIDString = 8FF6CCD21F04D4C000D91121;
			remoteInfo = TreeSitter;
		};
		8FF6CCF71F04D4DF00D91121 /* PBXContainerItemProxy */ = {
			isa = PBXContainerItemProxy;
			containerPortal = 8FF6CCF11F04D4DF00D91121 /* binding.xcodeproj */;
			proxyType = 2;
			remoteGlobalIDString = 7B996E138BEE3CB7825DE897;
			remoteInfo = compiler;
		};
		8FF6CCF91F04D4DF00D91121 /* PBXContainerItemProxy */ = {
			isa = PBXContainerItemProxy;
			containerPortal = 8FF6CCF11F04D4DF00D91121 /* binding.xcodeproj */;
			proxyType = 2;
			remoteGlobalIDString = 540A5F25DE54450EDFE02D50;
			remoteInfo = runtime;
		};
/* End PBXContainerItemProxy section */

/* Begin PBXCopyFilesBuildPhase section */
		8FF6CCEF1F04D4C100D91121 /* Embed Frameworks */ = {
			isa = PBXCopyFilesBuildPhase;
			buildActionMask = 2147483647;
			dstPath = "";
			dstSubfolderSpec = 10;
			files = (
				8FF6CCE91F04D4C100D91121 /* TreeSitter.framework in Embed Frameworks */,
			);
			name = "Embed Frameworks";
			runOnlyForDeploymentPostprocessing = 0;
		};
/* End PBXCopyFilesBuildPhase section */

/* Begin PBXFileReference section */
		8F6D73151F04D79C00730432 /* cpp.c */ = {isa = PBXFileReference; lastKnownFileType = sourcecode.c.c; name = cpp.c; path = languages/cpp.c; sourceTree = "<group>"; };
		8F6D73161F04D79D00730432 /* json.c */ = {isa = PBXFileReference; lastKnownFileType = sourcecode.c.c; name = json.c; path = languages/json.c; sourceTree = "<group>"; };
		8F6D73171F04D79D00730432 /* go.c */ = {isa = PBXFileReference; lastKnownFileType = sourcecode.c.c; name = go.c; path = languages/go.c; sourceTree = "<group>"; };
		8F6D73191F04D79F00730432 /* cpp.swift */ = {isa = PBXFileReference; lastKnownFileType = sourcecode.swift; name = cpp.swift; path = languages/cpp.swift; sourceTree = "<group>"; };
		8F6D731A1F04D79F00730432 /* c.c */ = {isa = PBXFileReference; lastKnownFileType = sourcecode.c.c; name = c.c; path = languages/c.c; sourceTree = "<group>"; };
		8F6D731B1F04D7A000730432 /* c.swift */ = {isa = PBXFileReference; lastKnownFileType = sourcecode.swift; name = c.swift; path = languages/c.swift; sourceTree = "<group>"; };
		8F6D731F1F04D7A300730432 /* languages.h */ = {isa = PBXFileReference; lastKnownFileType = sourcecode.c.h; name = languages.h; path = languages/languages.h; sourceTree = "<group>"; };
		8F6D73221F04D7A500730432 /* go.swift */ = {isa = PBXFileReference; lastKnownFileType = sourcecode.swift; name = go.swift; path = languages/go.swift; sourceTree = "<group>"; };
		8F6D73231F04D7A600730432 /* json.swift */ = {isa = PBXFileReference; lastKnownFileType = sourcecode.swift; name = json.swift; path = languages/json.swift; sourceTree = "<group>"; };
		8F6D73491F04E2B500730432 /* Language.swift */ = {isa = PBXFileReference; lastKnownFileType = sourcecode.swift; path = Language.swift; sourceTree = "<group>"; };
		8F6D734A1F04E2B500730432 /* Document.swift */ = {isa = PBXFileReference; lastKnownFileType = sourcecode.swift; path = Document.swift; sourceTree = "<group>"; };
		8F6D734B1F04E2B500730432 /* Node.swift */ = {isa = PBXFileReference; lastKnownFileType = sourcecode.swift; path = Node.swift; sourceTree = "<group>"; };
		8F6D734C1F04E2B500730432 /* Input.swift */ = {isa = PBXFileReference; lastKnownFileType = sourcecode.swift; path = Input.swift; sourceTree = "<group>"; };
		8F6D734D1F04E2B500730432 /* Symbol.swift */ = {isa = PBXFileReference; lastKnownFileType = sourcecode.swift; path = Symbol.swift; sourceTree = "<group>"; };
		8F6D734E1F04E2B500730432 /* JLColorTheme.swift */ = {isa = PBXFileReference; lastKnownFileType = sourcecode.swift; path = JLColorTheme.swift; sourceTree = "<group>"; };
		8F6D734F1F04E2B500730432 /* Extensions.swift */ = {isa = PBXFileReference; lastKnownFileType = sourcecode.swift; path = Extensions.swift; sourceTree = "<group>"; };
		8F6D73501F04E2B500730432 /* JLTokenType.swift */ = {isa = PBXFileReference; lastKnownFileType = sourcecode.swift; path = JLTokenType.swift; sourceTree = "<group>"; };
		8F6D73511F04E2B500730432 /* NSAttributedString.swift */ = {isa = PBXFileReference; lastKnownFileType = sourcecode.swift; path = NSAttributedString.swift; sourceTree = "<group>"; };
		8FCB842E1F06793D00DFDC69 /* Sample.swift */ = {isa = PBXFileReference; lastKnownFileType = sourcecode.swift; path = Sample.swift; sourceTree = "<group>"; };
		8FCB84301F067B6700DFDC69 /* json.txt */ = {isa = PBXFileReference; lastKnownFileType = text; path = json.txt; sourceTree = "<group>"; };
		8FCB84331F067B8900DFDC69 /* cpp.txt */ = {isa = PBXFileReference; lastKnownFileType = text; path = cpp.txt; sourceTree = "<group>"; };
		8FCB84351F067D1E00DFDC69 /* TextStorageHelper.swift */ = {isa = PBXFileReference; fileEncoding = 4; lastKnownFileType = sourcecode.swift; name = TextStorageHelper.swift; path = "../../../Downloads/TreeSitterTextStorage-master/TreeSitter/TextStorageHelper.swift"; sourceTree = "<group>"; };
		8FCB84361F067D1E00DFDC69 /* TextStorage.swift */ = {isa = PBXFileReference; fileEncoding = 4; lastKnownFileType = sourcecode.swift; name = TextStorage.swift; path = "../../../Downloads/TreeSitterTextStorage-master/TreeSitter/TextStorage.swift"; sourceTree = "<group>"; };
		8FCB84391F06829600DFDC69 /* InputTests.swift */ = {isa = PBXFileReference; lastKnownFileType = sourcecode.swift; path = InputTests.swift; sourceTree = "<group>"; };
		8FF6CCB71F04D49400D91121 /* Demo.app */ = {isa = PBXFileReference; explicitFileType = wrapper.application; includeInIndex = 0; path = Demo.app; sourceTree = BUILT_PRODUCTS_DIR; };
		8FF6CCBA1F04D49400D91121 /* AppDelegate.swift */ = {isa = PBXFileReference; lastKnownFileType = sourcecode.swift; path = AppDelegate.swift; sourceTree = "<group>"; };
		8FF6CCBC1F04D49400D91121 /* MasterViewController.swift */ = {isa = PBXFileReference; lastKnownFileType = sourcecode.swift; path = MasterViewController.swift; sourceTree = "<group>"; };
		8FF6CCBE1F04D49400D91121 /* DetailViewController.swift */ = {isa = PBXFileReference; lastKnownFileType = sourcecode.swift; path = DetailViewController.swift; sourceTree = "<group>"; };
		8FF6CCC11F04D49400D91121 /* Base */ = {isa = PBXFileReference; lastKnownFileType = file.storyboard; name = Base; path = Base.lproj/Main.storyboard; sourceTree = "<group>"; };
		8FF6CCC31F04D49400D91121 /* Assets.xcassets */ = {isa = PBXFileReference; lastKnownFileType = folder.assetcatalog; path = Assets.xcassets; sourceTree = "<group>"; };
		8FF6CCC61F04D49400D91121 /* Base */ = {isa = PBXFileReference; lastKnownFileType = file.storyboard; name = Base; path = Base.lproj/LaunchScreen.storyboard; sourceTree = "<group>"; };
		8FF6CCC81F04D49400D91121 /* Info.plist */ = {isa = PBXFileReference; lastKnownFileType = text.plist.xml; path = Info.plist; sourceTree = "<group>"; };
		8FF6CCD31F04D4C000D91121 /* TreeSitter.framework */ = {isa = PBXFileReference; explicitFileType = wrapper.framework; includeInIndex = 0; path = TreeSitter.framework; sourceTree = BUILT_PRODUCTS_DIR; };
		8FF6CCD51F04D4C000D91121 /* TreeSitter.h */ = {isa = PBXFileReference; lastKnownFileType = sourcecode.c.h; path = TreeSitter.h; sourceTree = "<group>"; };
		8FF6CCD61F04D4C000D91121 /* Info.plist */ = {isa = PBXFileReference; lastKnownFileType = text.plist.xml; path = Info.plist; sourceTree = "<group>"; };
		8FF6CCDB1F04D4C100D91121 /* TreeSitterTests.xctest */ = {isa = PBXFileReference; explicitFileType = wrapper.cfbundle; includeInIndex = 0; path = TreeSitterTests.xctest; sourceTree = BUILT_PRODUCTS_DIR; };
		8FF6CCE21F04D4C100D91121 /* TreeSitterTests.swift */ = {isa = PBXFileReference; lastKnownFileType = sourcecode.swift; path = TreeSitterTests.swift; sourceTree = "<group>"; };
		8FF6CCE41F04D4C100D91121 /* Info.plist */ = {isa = PBXFileReference; lastKnownFileType = text.plist.xml; path = Info.plist; sourceTree = "<group>"; };
		8FF6CCF11F04D4DF00D91121 /* binding.xcodeproj */ = {isa = PBXFileReference; lastKnownFileType = "wrapper.pb-project"; name = binding.xcodeproj; path = "Carthage/Checkouts/tree-sitter/build/binding.xcodeproj"; sourceTree = SOURCE_ROOT; };
/* End PBXFileReference section */

/* Begin PBXFrameworksBuildPhase section */
		8FF6CCB41F04D49400D91121 /* Frameworks */ = {
			isa = PBXFrameworksBuildPhase;
			buildActionMask = 2147483647;
			files = (
				8FF6CCE81F04D4C100D91121 /* TreeSitter.framework in Frameworks */,
			);
			runOnlyForDeploymentPostprocessing = 0;
		};
		8FF6CCCF1F04D4C000D91121 /* Frameworks */ = {
			isa = PBXFrameworksBuildPhase;
			buildActionMask = 2147483647;
			files = (
				8FCB842A1F066FE200DFDC69 /* runtime.a in Frameworks */,
			);
			runOnlyForDeploymentPostprocessing = 0;
		};
		8FF6CCD81F04D4C100D91121 /* Frameworks */ = {
			isa = PBXFrameworksBuildPhase;
			buildActionMask = 2147483647;
			files = (
				8FF6CCDC1F04D4C100D91121 /* TreeSitter.framework in Frameworks */,
			);
			runOnlyForDeploymentPostprocessing = 0;
		};
/* End PBXFrameworksBuildPhase section */

/* Begin PBXGroup section */
		8F6D73141F04D78300730432 /* Languages */ = {
			isa = PBXGroup;
			children = (
				8F6D731F1F04D7A300730432 /* languages.h */,
				8F6D73231F04D7A600730432 /* json.swift */,
				8F6D73161F04D79D00730432 /* json.c */,
				8F6D73221F04D7A500730432 /* go.swift */,
				8F6D73171F04D79D00730432 /* go.c */,
				8F6D73191F04D79F00730432 /* cpp.swift */,
				8F6D73151F04D79C00730432 /* cpp.c */,
				8F6D731B1F04D7A000730432 /* c.swift */,
				8F6D731A1F04D79F00730432 /* c.c */,
			);
			name = Languages;
			sourceTree = "<group>";
		};
		8FCB84321F067B6D00DFDC69 /* Samples */ = {
			isa = PBXGroup;
			children = (
				8FCB84331F067B8900DFDC69 /* cpp.txt */,
				8FCB84301F067B6700DFDC69 /* json.txt */,
			);
			path = Samples;
			sourceTree = "<group>";
		};
		8FF6CCAE1F04D49300D91121 = {
			isa = PBXGroup;
			children = (
				8FF6CCB91F04D49400D91121 /* Demo */,
				8FF6CCD41F04D4C000D91121 /* TreeSitter */,
				8FF6CCE11F04D4C100D91121 /* TreeSitterTests */,
				8FF6CCB81F04D49400D91121 /* Products */,
			);
			sourceTree = "<group>";
		};
		8FF6CCB81F04D49400D91121 /* Products */ = {
			isa = PBXGroup;
			children = (
				8FF6CCB71F04D49400D91121 /* Demo.app */,
				8FF6CCD31F04D4C000D91121 /* TreeSitter.framework */,
				8FF6CCDB1F04D4C100D91121 /* TreeSitterTests.xctest */,
			);
			name = Products;
			sourceTree = "<group>";
		};
		8FF6CCB91F04D49400D91121 /* Demo */ = {
			isa = PBXGroup;
			children = (
				8FF6CCBA1F04D49400D91121 /* AppDelegate.swift */,
				8FCB842E1F06793D00DFDC69 /* Sample.swift */,
				8FF6CCBC1F04D49400D91121 /* MasterViewController.swift */,
				8FF6CCBE1F04D49400D91121 /* DetailViewController.swift */,
				8FF6CCC01F04D49400D91121 /* Main.storyboard */,
				8FF6CCC31F04D49400D91121 /* Assets.xcassets */,
				8FCB84321F067B6D00DFDC69 /* Samples */,
				8FF6CCC51F04D49400D91121 /* LaunchScreen.storyboard */,
				8FF6CCC81F04D49400D91121 /* Info.plist */,
			);
			path = Demo;
			sourceTree = "<group>";
		};
		8FF6CCD41F04D4C000D91121 /* TreeSitter */ = {
			isa = PBXGroup;
			children = (
				8F6D734A1F04E2B500730432 /* Document.swift */,
				8F6D734F1F04E2B500730432 /* Extensions.swift */,
				8F6D734C1F04E2B500730432 /* Input.swift */,
				8F6D734E1F04E2B500730432 /* JLColorTheme.swift */,
				8F6D73501F04E2B500730432 /* JLTokenType.swift */,
				8F6D73491F04E2B500730432 /* Language.swift */,
				8F6D734B1F04E2B500730432 /* Node.swift */,
				8F6D73511F04E2B500730432 /* NSAttributedString.swift */,
				8FCB84361F067D1E00DFDC69 /* TextStorage.swift */,
				8FCB84351F067D1E00DFDC69 /* TextStorageHelper.swift */,
				8F6D734D1F04E2B500730432 /* Symbol.swift */,
				8F6D73141F04D78300730432 /* Languages */,
				8FF6CCF11F04D4DF00D91121 /* binding.xcodeproj */,
				8FF6CCD51F04D4C000D91121 /* TreeSitter.h */,
				8FF6CCD61F04D4C000D91121 /* Info.plist */,
			);
			path = TreeSitter;
			sourceTree = "<group>";
		};
		8FF6CCE11F04D4C100D91121 /* TreeSitterTests */ = {
			isa = PBXGroup;
			children = (
				8FF6CCE21F04D4C100D91121 /* TreeSitterTests.swift */,
				8FCB84391F06829600DFDC69 /* InputTests.swift */,
				8FF6CCE41F04D4C100D91121 /* Info.plist */,
			);
			path = TreeSitterTests;
			sourceTree = "<group>";
		};
		8FF6CCF21F04D4DF00D91121 /* Products */ = {
			isa = PBXGroup;
			children = (
				8FF6CCF81F04D4DF00D91121 /* compiler.a */,
				8FF6CCFA1F04D4DF00D91121 /* runtime.a */,
			);
			name = Products;
			sourceTree = "<group>";
		};
/* End PBXGroup section */

/* Begin PBXHeadersBuildPhase section */
		8FF6CCD01F04D4C000D91121 /* Headers */ = {
			isa = PBXHeadersBuildPhase;
			buildActionMask = 2147483647;
			files = (
				8FF6CCE51F04D4C100D91121 /* TreeSitter.h in Headers */,
			);
			runOnlyForDeploymentPostprocessing = 0;
		};
/* End PBXHeadersBuildPhase section */

/* Begin PBXNativeTarget section */
		8FF6CCB61F04D49400D91121 /* Demo */ = {
			isa = PBXNativeTarget;
			buildConfigurationList = 8FF6CCCB1F04D49400D91121 /* Build configuration list for PBXNativeTarget "Demo" */;
			buildPhases = (
				8FF6CCB31F04D49400D91121 /* Sources */,
				8FF6CCB41F04D49400D91121 /* Frameworks */,
				8FF6CCB51F04D49400D91121 /* Resources */,
				8FF6CCEF1F04D4C100D91121 /* Embed Frameworks */,
			);
			buildRules = (
			);
			dependencies = (
				8FF6CCE71F04D4C100D91121 /* PBXTargetDependency */,
			);
			name = Demo;
			productName = Demo;
			productReference = 8FF6CCB71F04D49400D91121 /* Demo.app */;
			productType = "com.apple.product-type.application";
		};
		8FF6CCD21F04D4C000D91121 /* TreeSitter */ = {
			isa = PBXNativeTarget;
			buildConfigurationList = 8FF6CCEE1F04D4C100D91121 /* Build configuration list for PBXNativeTarget "TreeSitter" */;
			buildPhases = (
				8FF6CCCE1F04D4C000D91121 /* Sources */,
				8FF6CCCF1F04D4C000D91121 /* Frameworks */,
				8FF6CCD01F04D4C000D91121 /* Headers */,
				8FF6CCD11F04D4C000D91121 /* Resources */,
			);
			buildRules = (
			);
			dependencies = (
			);
			name = TreeSitter;
			productName = TreeSitter;
			productReference = 8FF6CCD31F04D4C000D91121 /* TreeSitter.framework */;
			productType = "com.apple.product-type.framework";
		};
		8FF6CCDA1F04D4C100D91121 /* TreeSitterTests */ = {
			isa = PBXNativeTarget;
			buildConfigurationList = 8FF6CCF01F04D4C100D91121 /* Build configuration list for PBXNativeTarget "TreeSitterTests" */;
			buildPhases = (
				8FF6CCD71F04D4C100D91121 /* Sources */,
				8FF6CCD81F04D4C100D91121 /* Frameworks */,
				8FF6CCD91F04D4C100D91121 /* Resources */,
			);
			buildRules = (
			);
			dependencies = (
				8FF6CCDE1F04D4C100D91121 /* PBXTargetDependency */,
				8FF6CCE01F04D4C100D91121 /* PBXTargetDependency */,
			);
			name = TreeSitterTests;
			productName = TreeSitterTests;
			productReference = 8FF6CCDB1F04D4C100D91121 /* TreeSitterTests.xctest */;
			productType = "com.apple.product-type.bundle.unit-test";
		};
/* End PBXNativeTarget section */

/* Begin PBXProject section */
		8FF6CCAF1F04D49400D91121 /* Project object */ = {
			isa = PBXProject;
			attributes = {
				LastSwiftUpdateCheck = 0900;
				LastUpgradeCheck = 0900;
				ORGANIZATIONNAME = "Johannes Lund";
				TargetAttributes = {
					8FF6CCB61F04D49400D91121 = {
						CreatedOnToolsVersion = 9.0;
					};
					8FF6CCD21F04D4C000D91121 = {
						CreatedOnToolsVersion = 9.0;
						LastSwiftMigration = 0900;
					};
					8FF6CCDA1F04D4C100D91121 = {
						CreatedOnToolsVersion = 9.0;
						TestTargetID = 8FF6CCB61F04D49400D91121;
					};
				};
			};
			buildConfigurationList = 8FF6CCB21F04D49400D91121 /* Build configuration list for PBXProject "TreeSitter" */;
			compatibilityVersion = "Xcode 8.0";
			developmentRegion = en;
			hasScannedForEncodings = 0;
			knownRegions = (
				en,
				Base,
			);
			mainGroup = 8FF6CCAE1F04D49300D91121;
			productRefGroup = 8FF6CCB81F04D49400D91121 /* Products */;
			projectDirPath = "";
			projectReferences = (
				{
					ProductGroup = 8FF6CCF21F04D4DF00D91121 /* Products */;
					ProjectRef = 8FF6CCF11F04D4DF00D91121 /* binding.xcodeproj */;
				},
			);
			projectRoot = "";
			targets = (
				8FF6CCB61F04D49400D91121 /* Demo */,
				8FF6CCD21F04D4C000D91121 /* TreeSitter */,
				8FF6CCDA1F04D4C100D91121 /* TreeSitterTests */,
			);
		};
/* End PBXProject section */

/* Begin PBXReferenceProxy section */
		8FF6CCF81F04D4DF00D91121 /* compiler.a */ = {
			isa = PBXReferenceProxy;
			fileType = archive.ar;
			path = compiler.a;
			remoteRef = 8FF6CCF71F04D4DF00D91121 /* PBXContainerItemProxy */;
			sourceTree = BUILT_PRODUCTS_DIR;
		};
		8FF6CCFA1F04D4DF00D91121 /* runtime.a */ = {
			isa = PBXReferenceProxy;
			fileType = archive.ar;
			path = runtime.a;
			remoteRef = 8FF6CCF91F04D4DF00D91121 /* PBXContainerItemProxy */;
			sourceTree = BUILT_PRODUCTS_DIR;
		};
/* End PBXReferenceProxy section */

/* Begin PBXResourcesBuildPhase section */
		8FF6CCB51F04D49400D91121 /* Resources */ = {
			isa = PBXResourcesBuildPhase;
			buildActionMask = 2147483647;
			files = (
				8FCB84341F067B8900DFDC69 /* cpp.txt in Resources */,
				8FCB84311F067B6700DFDC69 /* json.txt in Resources */,
				8FF6CCC71F04D49400D91121 /* LaunchScreen.storyboard in Resources */,
				8FF6CCC41F04D49400D91121 /* Assets.xcassets in Resources */,
				8FF6CCC21F04D49400D91121 /* Main.storyboard in Resources */,
			);
			runOnlyForDeploymentPostprocessing = 0;
		};
		8FF6CCD11F04D4C000D91121 /* Resources */ = {
			isa = PBXResourcesBuildPhase;
			buildActionMask = 2147483647;
			files = (
			);
			runOnlyForDeploymentPostprocessing = 0;
		};
		8FF6CCD91F04D4C100D91121 /* Resources */ = {
			isa = PBXResourcesBuildPhase;
			buildActionMask = 2147483647;
			files = (
			);
			runOnlyForDeploymentPostprocessing = 0;
		};
/* End PBXResourcesBuildPhase section */

/* Begin PBXSourcesBuildPhase section */
		8FF6CCB31F04D49400D91121 /* Sources */ = {
			isa = PBXSourcesBuildPhase;
			buildActionMask = 2147483647;
			files = (
				8FF6CCBF1F04D49400D91121 /* DetailViewController.swift in Sources */,
				8FCB842F1F06793D00DFDC69 /* Sample.swift in Sources */,
				8FF6CCBD1F04D49400D91121 /* MasterViewController.swift in Sources */,
				8FF6CCBB1F04D49400D91121 /* AppDelegate.swift in Sources */,
			);
			runOnlyForDeploymentPostprocessing = 0;
		};
		8FF6CCCE1F04D4C000D91121 /* Sources */ = {
			isa = PBXSourcesBuildPhase;
			buildActionMask = 2147483647;
			files = (
				8F6D73531F04E32000730432 /* Input.swift in Sources */,
				8F6D73291F04D7B300730432 /* json.swift in Sources */,
				8F6D73591F04E32500730432 /* NSAttributedString.swift in Sources */,
				8F6D732F1F04D7B300730432 /* cpp.swift in Sources */,
				8FCB84381F067D1F00DFDC69 /* TextStorage.swift in Sources */,
				8F6D73541F04E32500730432 /* Document.swift in Sources */,
				8F6D73521F04E2CB00730432 /* Language.swift in Sources */,
				8FCB84371F067D1F00DFDC69 /* TextStorageHelper.swift in Sources */,
				8F6D73581F04E32500730432 /* Node.swift in Sources */,
				8F6D732D1F04D7B300730432 /* go.swift in Sources */,
				8F6D73551F04E32500730432 /* Extensions.swift in Sources */,
				8F6D73311F04D7B300730432 /* c.swift in Sources */,
				8F6D73571F04E32500730432 /* JLTokenType.swift in Sources */,
				8F6D735A1F04E32500730432 /* Symbol.swift in Sources */,
				8FCB842C1F06717900DFDC69 /* cpp.c in Sources */,
				8F6D73561F04E32500730432 /* JLColorTheme.swift in Sources */,
				8FCB842B1F066FEE00DFDC69 /* json.c in Sources */,
				8FCB842D1F06717D00DFDC69 /* c.c in Sources */,
			);
			runOnlyForDeploymentPostprocessing = 0;
		};
		8FF6CCD71F04D4C100D91121 /* Sources */ = {
			isa = PBXSourcesBuildPhase;
			buildActionMask = 2147483647;
			files = (
				8FCB843A1F06829600DFDC69 /* InputTests.swift in Sources */,
				8FF6CCE31F04D4C100D91121 /* TreeSitterTests.swift in Sources */,
			);
			runOnlyForDeploymentPostprocessing = 0;
		};
/* End PBXSourcesBuildPhase section */

/* Begin PBXTargetDependency section */
		8FF6CCDE1F04D4C100D91121 /* PBXTargetDependency */ = {
			isa = PBXTargetDependency;
			target = 8FF6CCD21F04D4C000D91121 /* TreeSitter */;
			targetProxy = 8FF6CCDD1F04D4C100D91121 /* PBXContainerItemProxy */;
		};
		8FF6CCE01F04D4C100D91121 /* PBXTargetDependency */ = {
			isa = PBXTargetDependency;
			target = 8FF6CCB61F04D49400D91121 /* Demo */;
			targetProxy = 8FF6CCDF1F04D4C100D91121 /* PBXContainerItemProxy */;
		};
		8FF6CCE71F04D4C100D91121 /* PBXTargetDependency */ = {
			isa = PBXTargetDependency;
			target = 8FF6CCD21F04D4C000D91121 /* TreeSitter */;
			targetProxy = 8FF6CCE61F04D4C100D91121 /* PBXContainerItemProxy */;
		};
/* End PBXTargetDependency section */

/* Begin PBXVariantGroup section */
		8FF6CCC01F04D49400D91121 /* Main.storyboard */ = {
			isa = PBXVariantGroup;
			children = (
				8FF6CCC11F04D49400D91121 /* Base */,
			);
			name = Main.storyboard;
			sourceTree = "<group>";
		};
		8FF6CCC51F04D49400D91121 /* LaunchScreen.storyboard */ = {
			isa = PBXVariantGroup;
			children = (
				8FF6CCC61F04D49400D91121 /* Base */,
			);
			name = LaunchScreen.storyboard;
			sourceTree = "<group>";
		};
/* End PBXVariantGroup section */

/* Begin XCBuildConfiguration section */
		8FF6CCC91F04D49400D91121 /* Debug */ = {
			isa = XCBuildConfiguration;
			buildSettings = {
				ALWAYS_SEARCH_USER_PATHS = NO;
				CLANG_ANALYZER_NONNULL = YES;
				CLANG_ANALYZER_NUMBER_OBJECT_CONVERSION = YES_AGGRESSIVE;
				CLANG_CXX_LANGUAGE_STANDARD = "gnu++14";
				CLANG_CXX_LIBRARY = "libc++";
				CLANG_ENABLE_MODULES = YES;
				CLANG_ENABLE_OBJC_ARC = YES;
				CLANG_WARN_BLOCK_CAPTURE_AUTORELEASING = YES;
				CLANG_WARN_BOOL_CONVERSION = YES;
				CLANG_WARN_COMMA = YES;
				CLANG_WARN_CONSTANT_CONVERSION = YES;
				CLANG_WARN_DIRECT_OBJC_ISA_USAGE = YES_ERROR;
				CLANG_WARN_DOCUMENTATION_COMMENTS = YES;
				CLANG_WARN_EMPTY_BODY = YES;
				CLANG_WARN_ENUM_CONVERSION = YES;
				CLANG_WARN_INFINITE_RECURSION = YES;
				CLANG_WARN_INT_CONVERSION = YES;
				CLANG_WARN_OBJC_ROOT_CLASS = YES_ERROR;
				CLANG_WARN_RANGE_LOOP_ANALYSIS = YES;
				CLANG_WARN_STRICT_PROTOTYPES = YES;
				CLANG_WARN_SUSPICIOUS_MOVE = YES;
				CLANG_WARN_UNGUARDED_AVAILABILITY = YES_AGGRESSIVE;
				CLANG_WARN_UNREACHABLE_CODE = YES;
				CLANG_WARN__DUPLICATE_METHOD_MATCH = YES;
				CODE_SIGN_IDENTITY = "iPhone Developer";
				COPY_PHASE_STRIP = NO;
				DEBUG_INFORMATION_FORMAT = dwarf;
				ENABLE_STRICT_OBJC_MSGSEND = YES;
				ENABLE_TESTABILITY = YES;
				GCC_C_LANGUAGE_STANDARD = gnu11;
				GCC_DYNAMIC_NO_PIC = NO;
				GCC_NO_COMMON_BLOCKS = YES;
				GCC_OPTIMIZATION_LEVEL = 0;
				GCC_PREPROCESSOR_DEFINITIONS = (
					"DEBUG=1",
					"$(inherited)",
				);
				GCC_WARN_64_TO_32_BIT_CONVERSION = YES;
				GCC_WARN_ABOUT_RETURN_TYPE = YES_ERROR;
				GCC_WARN_UNDECLARED_SELECTOR = YES;
				GCC_WARN_UNINITIALIZED_AUTOS = YES_AGGRESSIVE;
				GCC_WARN_UNUSED_FUNCTION = YES;
				GCC_WARN_UNUSED_VARIABLE = YES;
				IPHONEOS_DEPLOYMENT_TARGET = 11.0;
				MTL_ENABLE_DEBUG_INFO = YES;
				ONLY_ACTIVE_ARCH = YES;
				SDKROOT = iphoneos;
				SWIFT_ACTIVE_COMPILATION_CONDITIONS = DEBUG;
				SWIFT_OPTIMIZATION_LEVEL = "-Onone";
			};
			name = Debug;
		};
		8FF6CCCA1F04D49400D91121 /* Release */ = {
			isa = XCBuildConfiguration;
			buildSettings = {
				ALWAYS_SEARCH_USER_PATHS = NO;
				CLANG_ANALYZER_NONNULL = YES;
				CLANG_ANALYZER_NUMBER_OBJECT_CONVERSION = YES_AGGRESSIVE;
				CLANG_CXX_LANGUAGE_STANDARD = "gnu++14";
				CLANG_CXX_LIBRARY = "libc++";
				CLANG_ENABLE_MODULES = YES;
				CLANG_ENABLE_OBJC_ARC = YES;
				CLANG_WARN_BLOCK_CAPTURE_AUTORELEASING = YES;
				CLANG_WARN_BOOL_CONVERSION = YES;
				CLANG_WARN_COMMA = YES;
				CLANG_WARN_CONSTANT_CONVERSION = YES;
				CLANG_WARN_DIRECT_OBJC_ISA_USAGE = YES_ERROR;
				CLANG_WARN_DOCUMENTATION_COMMENTS = YES;
				CLANG_WARN_EMPTY_BODY = YES;
				CLANG_WARN_ENUM_CONVERSION = YES;
				CLANG_WARN_INFINITE_RECURSION = YES;
				CLANG_WARN_INT_CONVERSION = YES;
				CLANG_WARN_OBJC_ROOT_CLASS = YES_ERROR;
				CLANG_WARN_RANGE_LOOP_ANALYSIS = YES;
				CLANG_WARN_STRICT_PROTOTYPES = YES;
				CLANG_WARN_SUSPICIOUS_MOVE = YES;
				CLANG_WARN_UNGUARDED_AVAILABILITY = YES_AGGRESSIVE;
				CLANG_WARN_UNREACHABLE_CODE = YES;
				CLANG_WARN__DUPLICATE_METHOD_MATCH = YES;
				CODE_SIGN_IDENTITY = "iPhone Developer";
				COPY_PHASE_STRIP = NO;
				DEBUG_INFORMATION_FORMAT = "dwarf-with-dsym";
				ENABLE_NS_ASSERTIONS = NO;
				ENABLE_STRICT_OBJC_MSGSEND = YES;
				GCC_C_LANGUAGE_STANDARD = gnu11;
				GCC_NO_COMMON_BLOCKS = YES;
				GCC_WARN_64_TO_32_BIT_CONVERSION = YES;
				GCC_WARN_ABOUT_RETURN_TYPE = YES_ERROR;
				GCC_WARN_UNDECLARED_SELECTOR = YES;
				GCC_WARN_UNINITIALIZED_AUTOS = YES_AGGRESSIVE;
				GCC_WARN_UNUSED_FUNCTION = YES;
				GCC_WARN_UNUSED_VARIABLE = YES;
				IPHONEOS_DEPLOYMENT_TARGET = 11.0;
				MTL_ENABLE_DEBUG_INFO = NO;
				SDKROOT = iphoneos;
				SWIFT_OPTIMIZATION_LEVEL = "-Owholemodule";
				VALIDATE_PRODUCT = YES;
			};
			name = Release;
		};
		8FF6CCCC1F04D49400D91121 /* Debug */ = {
			isa = XCBuildConfiguration;
			buildSettings = {
				ALWAYS_EMBED_SWIFT_STANDARD_LIBRARIES = YES;
				ASSETCATALOG_COMPILER_APPICON_NAME = AppIcon;
				DEVELOPMENT_TEAM = DQ69J4LB4T;
				INFOPLIST_FILE = Demo/Info.plist;
				LD_RUNPATH_SEARCH_PATHS = "$(inherited) @executable_path/Frameworks";
				PRODUCT_BUNDLE_IDENTIFIER = com.anviking.Demo;
				PRODUCT_NAME = "$(TARGET_NAME)";
				SWIFT_VERSION = 4.0;
				TARGETED_DEVICE_FAMILY = "1,2";
			};
			name = Debug;
		};
		8FF6CCCD1F04D49400D91121 /* Release */ = {
			isa = XCBuildConfiguration;
			buildSettings = {
				ALWAYS_EMBED_SWIFT_STANDARD_LIBRARIES = YES;
				ASSETCATALOG_COMPILER_APPICON_NAME = AppIcon;
				DEVELOPMENT_TEAM = DQ69J4LB4T;
				INFOPLIST_FILE = Demo/Info.plist;
				LD_RUNPATH_SEARCH_PATHS = "$(inherited) @executable_path/Frameworks";
				PRODUCT_BUNDLE_IDENTIFIER = com.anviking.Demo;
				PRODUCT_NAME = "$(TARGET_NAME)";
				SWIFT_VERSION = 4.0;
				TARGETED_DEVICE_FAMILY = "1,2";
			};
			name = Release;
		};
		8FF6CCEA1F04D4C100D91121 /* Debug */ = {
			isa = XCBuildConfiguration;
			buildSettings = {
				CLANG_ENABLE_MODULES = YES;
				CODE_SIGN_IDENTITY = "";
				CURRENT_PROJECT_VERSION = 1;
				DEFINES_MODULE = YES;
				DEVELOPMENT_TEAM = DQ69J4LB4T;
				DYLIB_COMPATIBILITY_VERSION = 1;
				DYLIB_CURRENT_VERSION = 1;
				DYLIB_INSTALL_NAME_BASE = "@rpath";
				HEADER_SEARCH_PATHS = "";
				INFOPLIST_FILE = TreeSitter/Info.plist;
				INSTALL_PATH = "$(LOCAL_LIBRARY_DIR)/Frameworks";
				LD_RUNPATH_SEARCH_PATHS = "$(inherited) @executable_path/Frameworks @loader_path/Frameworks";
				PRODUCT_BUNDLE_IDENTIFIER = com.anviking.TreeSitter;
				PRODUCT_NAME = "$(TARGET_NAME:c99extidentifier)";
				SKIP_INSTALL = YES;
				SWIFT_INCLUDE_PATHS = "$(SRCROOT)";
				SWIFT_OPTIMIZATION_LEVEL = "-Onone";
				SWIFT_VERSION = 4.0;
				TARGETED_DEVICE_FAMILY = "1,2";
				USER_HEADER_SEARCH_PATHS = "$(SRCROOT)/Carthage/Checkouts/tree-sitter/include/tree_sitter/";
				VERSIONING_SYSTEM = "apple-generic";
				VERSION_INFO_PREFIX = "";
			};
			name = Debug;
		};
		8FF6CCEB1F04D4C100D91121 /* Release */ = {
			isa = XCBuildConfiguration;
			buildSettings = {
				CLANG_ENABLE_MODULES = YES;
				CODE_SIGN_IDENTITY = "";
				CURRENT_PROJECT_VERSION = 1;
				DEFINES_MODULE = YES;
				DEVELOPMENT_TEAM = DQ69J4LB4T;
				DYLIB_COMPATIBILITY_VERSION = 1;
				DYLIB_CURRENT_VERSION = 1;
				DYLIB_INSTALL_NAME_BASE = "@rpath";
				HEADER_SEARCH_PATHS = "";
				INFOPLIST_FILE = TreeSitter/Info.plist;
				INSTALL_PATH = "$(LOCAL_LIBRARY_DIR)/Frameworks";
				LD_RUNPATH_SEARCH_PATHS = "$(inherited) @executable_path/Frameworks @loader_path/Frameworks";
				PRODUCT_BUNDLE_IDENTIFIER = com.anviking.TreeSitter;
				PRODUCT_NAME = "$(TARGET_NAME:c99extidentifier)";
				SKIP_INSTALL = YES;
				SWIFT_INCLUDE_PATHS = "$(SRCROOT)";
				SWIFT_VERSION = 4.0;
				TARGETED_DEVICE_FAMILY = "1,2";
				USER_HEADER_SEARCH_PATHS = "$(SRCROOT)/Carthage/Checkouts/tree-sitter/include/tree_sitter/";
				VERSIONING_SYSTEM = "apple-generic";
				VERSION_INFO_PREFIX = "";
			};
			name = Release;
		};
		8FF6CCEC1F04D4C100D91121 /* Debug */ = {
			isa = XCBuildConfiguration;
			buildSettings = {
				ALWAYS_EMBED_SWIFT_STANDARD_LIBRARIES = YES;
				DEVELOPMENT_TEAM = DQ69J4LB4T;
				INFOPLIST_FILE = TreeSitterTests/Info.plist;
				LD_RUNPATH_SEARCH_PATHS = "$(inherited) @executable_path/Frameworks @loader_path/Frameworks";
				PRODUCT_BUNDLE_IDENTIFIER = com.anviking.TreeSitterTests;
				PRODUCT_NAME = "$(TARGET_NAME)";
				SWIFT_VERSION = 4.0;
				TARGETED_DEVICE_FAMILY = "1,2";
				TEST_HOST = "$(BUILT_PRODUCTS_DIR)/Demo.app/Demo";
			};
			name = Debug;
		};
		8FF6CCED1F04D4C100D91121 /* Release */ = {
			isa = XCBuildConfiguration;
			buildSettings = {
				ALWAYS_EMBED_SWIFT_STANDARD_LIBRARIES = YES;
				DEVELOPMENT_TEAM = DQ69J4LB4T;
				INFOPLIST_FILE = TreeSitterTests/Info.plist;
				LD_RUNPATH_SEARCH_PATHS = "$(inherited) @executable_path/Frameworks @loader_path/Frameworks";
				PRODUCT_BUNDLE_IDENTIFIER = com.anviking.TreeSitterTests;
				PRODUCT_NAME = "$(TARGET_NAME)";
				SWIFT_VERSION = 4.0;
				TARGETED_DEVICE_FAMILY = "1,2";
				TEST_HOST = "$(BUILT_PRODUCTS_DIR)/Demo.app/Demo";
			};
			name = Release;
		};
/* End XCBuildConfiguration section */

/* Begin XCConfigurationList section */
		8FF6CCB21F04D49400D91121 /* Build configuration list for PBXProject "TreeSitter" */ = {
			isa = XCConfigurationList;
			buildConfigurations = (
				8FF6CCC91F04D49400D91121 /* Debug */,
				8FF6CCCA1F04D49400D91121 /* Release */,
			);
			defaultConfigurationIsVisible = 0;
			defaultConfigurationName = Release;
		};
		8FF6CCCB1F04D49400D91121 /* Build configuration list for PBXNativeTarget "Demo" */ = {
			isa = XCConfigurationList;
			buildConfigurations = (
				8FF6CCCC1F04D49400D91121 /* Debug */,
				8FF6CCCD1F04D49400D91121 /* Release */,
			);
			defaultConfigurationIsVisible = 0;
			defaultConfigurationName = Release;
		};
		8FF6CCEE1F04D4C100D91121 /* Build configuration list for PBXNativeTarget "TreeSitter" */ = {
			isa = XCConfigurationList;
			buildConfigurations = (
				8FF6CCEA1F04D4C100D91121 /* Debug */,
				8FF6CCEB1F04D4C100D91121 /* Release */,
			);
			defaultConfigurationIsVisible = 0;
			defaultConfigurationName = Release;
		};
		8FF6CCF01F04D4C100D91121 /* Build configuration list for PBXNativeTarget "TreeSitterTests" */ = {
			isa = XCConfigurationList;
			buildConfigurations = (
				8FF6CCEC1F04D4C100D91121 /* Debug */,
				8FF6CCED1F04D4C100D91121 /* Release */,
			);
			defaultConfigurationIsVisible = 0;
			defaultConfigurationName = Release;
		};
/* End XCConfigurationList section */
	};
	rootObject = 8FF6CCAF1F04D49400D91121 /* Project object */;
}
